// !$*UTF8*$!
{
	archiveVersion = 1;
	classes = {
	};
	objectVersion = 46;
	objects = {

/* Begin PBXBuildFile section */
		7696B3A8227BC24F2972070E /* Pods_VisionaryEdu.framework in Frameworks */ = {isa = PBXBuildFile; fileRef = 9F25F87153DEB044FCAC93DE /* Pods_VisionaryEdu.framework */; };
		8916B2591F0CD59000808BC8 /* TestAccountModel.m in Sources */ = {isa = PBXBuildFile; fileRef = 8916B2581F0CD59000808BC8 /* TestAccountModel.m */; };
		8916B25D1F0CE7F700808BC8 /* PersonalInfoTableViewCtrl.m in Sources */ = {isa = PBXBuildFile; fileRef = 8916B25C1F0CE7F700808BC8 /* PersonalInfoTableViewCtrl.m */; };
		8916B2601F0CF71400808BC8 /* PersonalInfoModel.m in Sources */ = {isa = PBXBuildFile; fileRef = 8916B25F1F0CF71400808BC8 /* PersonalInfoModel.m */; };
		8916B2631F0CF84A00808BC8 /* Username.m in Sources */ = {isa = PBXBuildFile; fileRef = 8916B2621F0CF84A00808BC8 /* Username.m */; };
		891BB7C31F00979000F4DD60 /* ScheduleViewCtrl.m in Sources */ = {isa = PBXBuildFile; fileRef = 891BB7C21F00979000F4DD60 /* ScheduleViewCtrl.m */; };
		891BB7CC1F014C5500F4DD60 /* PwdModifyViewCtrl.m in Sources */ = {isa = PBXBuildFile; fileRef = 891BB7CB1F014C5500F4DD60 /* PwdModifyViewCtrl.m */; };
		893AC6991F02508F00990A48 /* CustomTabbarView.xib in Resources */ = {isa = PBXBuildFile; fileRef = 893AC6981F02508F00990A48 /* CustomTabbarView.xib */; };
		893AC69C1F0254D000990A48 /* CustomTabbarView.m in Sources */ = {isa = PBXBuildFile; fileRef = 893AC69B1F0254D000990A48 /* CustomTabbarView.m */; };
		893AC69F1F0260CF00990A48 /* MeViewCtrl.m in Sources */ = {isa = PBXBuildFile; fileRef = 893AC69E1F0260CF00990A48 /* MeViewCtrl.m */; };
		893AC6A31F03499F00990A48 /* StudentScheduleModel.m in Sources */ = {isa = PBXBuildFile; fileRef = 893AC6A21F03499F00990A48 /* StudentScheduleModel.m */; };
		8946E3951F109BFF002F7B06 /* RecentObjectivesViewCtrl.m in Sources */ = {isa = PBXBuildFile; fileRef = 8946E3941F109BFF002F7B06 /* RecentObjectivesViewCtrl.m */; };
		8946E3981F109DA2002F7B06 /* RecentObjectivesModel.m in Sources */ = {isa = PBXBuildFile; fileRef = 8946E3971F109DA2002F7B06 /* RecentObjectivesModel.m */; };
		8946E39B1F10AD74002F7B06 /* ObjDetailsUViewCtrl.m in Sources */ = {isa = PBXBuildFile; fileRef = 8946E39A1F10AD74002F7B06 /* ObjDetailsUViewCtrl.m */; };
		8946E39E1F10C1F6002F7B06 /* GradeDetailsViewCtrl.m in Sources */ = {isa = PBXBuildFile; fileRef = 8946E39D1F10C1F6002F7B06 /* GradeDetailsViewCtrl.m */; };
		8946E3A61F131263002F7B06 /* CreateStaffScheduleViewCtrl.m in Sources */ = {isa = PBXBuildFile; fileRef = 8946E3A51F131263002F7B06 /* CreateStaffScheduleViewCtrl.m */; };
		8946E3A91F13198D002F7B06 /* StaffScheduleInventionsViewCtrl.m in Sources */ = {isa = PBXBuildFile; fileRef = 8946E3A81F13198D002F7B06 /* StaffScheduleInventionsViewCtrl.m */; };
		8946E3AC1F132348002F7B06 /* StaffListModel.m in Sources */ = {isa = PBXBuildFile; fileRef = 8946E3AB1F132348002F7B06 /* StaffListModel.m */; };
		8946E3AF1F132713002F7B06 /* StudentListModel.m in Sources */ = {isa = PBXBuildFile; fileRef = 8946E3AE1F132713002F7B06 /* StudentListModel.m */; };
		8950F0BC1F1471DF00BFE1E7 /* MeetingDetailsViewCtrl.m in Sources */ = {isa = PBXBuildFile; fileRef = 8950F0BB1F1471DF00BFE1E7 /* MeetingDetailsViewCtrl.m */; };
		8950F0C01F148A0F00BFE1E7 /* DatePickerViewController.m in Sources */ = {isa = PBXBuildFile; fileRef = 8950F0BF1F148A0F00BFE1E7 /* DatePickerViewController.m */; };
		8950F0C81F14BFBA00BFE1E7 /* CheckInRecordDetailsViewCtrl.m in Sources */ = {isa = PBXBuildFile; fileRef = 8950F0C71F14BFBA00BFE1E7 /* CheckInRecordDetailsViewCtrl.m */; };
		8955081B1F21D7EA0029E230 /* CreateTestScheduleViewCtrl.m in Sources */ = {isa = PBXBuildFile; fileRef = 8955081A1F21D7EA0029E230 /* CreateTestScheduleViewCtrl.m */; };
		8955081E1F25A3210029E230 /* GradeModelForUpload.m in Sources */ = {isa = PBXBuildFile; fileRef = 8955081D1F25A3210029E230 /* GradeModelForUpload.m */; };
		895508231F2755960029E230 /* FutureTestScheduleModel.m in Sources */ = {isa = PBXBuildFile; fileRef = 895508221F2755960029E230 /* FutureTestScheduleModel.m */; };
		895508261F2792CF0029E230 /* UnrecordGradeViewCtrl.m in Sources */ = {isa = PBXBuildFile; fileRef = 895508251F2792CF0029E230 /* UnrecordGradeViewCtrl.m */; };
		89652E5D1F03E9A200CDDECB /* StudentScheduleCellManager.m in Sources */ = {isa = PBXBuildFile; fileRef = 89652E5C1F03E9A200CDDECB /* StudentScheduleCellManager.m */; };
		89652E601F04D6C200CDDECB /* ScheduleRangeManager.m in Sources */ = {isa = PBXBuildFile; fileRef = 89652E5F1F04D6C200CDDECB /* ScheduleRangeManager.m */; };
		89652E631F053F4900CDDECB /* StaffScheduleViewCtrl.m in Sources */ = {isa = PBXBuildFile; fileRef = 89652E621F053F4900CDDECB /* StaffScheduleViewCtrl.m */; };
		89652E671F05D69E00CDDECB /* StaffScheduleModel.m in Sources */ = {isa = PBXBuildFile; fileRef = 89652E661F05D69E00CDDECB /* StaffScheduleModel.m */; };
		89652E6B1F05DF5300CDDECB /* StaffScheduleCellManager.m in Sources */ = {isa = PBXBuildFile; fileRef = 89652E6A1F05DF5300CDDECB /* StaffScheduleCellManager.m */; };
		89652E6E1F092D3C00CDDECB /* StudentGradeViewCtrl.m in Sources */ = {isa = PBXBuildFile; fileRef = 89652E6D1F092D3C00CDDECB /* StudentGradeViewCtrl.m */; };
		89652E701F0A3DF100CDDECB /* SingleGradeView.xib in Resources */ = {isa = PBXBuildFile; fileRef = 89652E6F1F0A3DF100CDDECB /* SingleGradeView.xib */; };
		89652E741F0A41D800CDDECB /* SingleGradeView.m in Sources */ = {isa = PBXBuildFile; fileRef = 89652E731F0A41D800CDDECB /* SingleGradeView.m */; };
		89652E781F0B691B00CDDECB /* GradeTendingViewCtrl.m in Sources */ = {isa = PBXBuildFile; fileRef = 89652E771F0B691B00CDDECB /* GradeTendingViewCtrl.m */; };
		896B65A21F218E1200B6EE4D /* RecordGradeViewCtrl.m in Sources */ = {isa = PBXBuildFile; fileRef = 896B65A11F218E1200B6EE4D /* RecordGradeViewCtrl.m */; };
		896B65A51F21A9F900B6EE4D /* HWDownSelectedView.m in Sources */ = {isa = PBXBuildFile; fileRef = 896B65A41F21A9F900B6EE4D /* HWDownSelectedView.m */; };
		897A0A7A1F0C8C5100EE8846 /* CommentViewCtrl.m in Sources */ = {isa = PBXBuildFile; fileRef = 897A0A791F0C8C5100EE8846 /* CommentViewCtrl.m */; };
		897A0A851F0CCE2100EE8846 /* TestInfoFormViewCtrl.m in Sources */ = {isa = PBXBuildFile; fileRef = 897A0A841F0CCE2100EE8846 /* TestInfoFormViewCtrl.m */; };
		899303321EFFB40500B066AD /* SettingsViewCtrl.m in Sources */ = {isa = PBXBuildFile; fileRef = 899303311EFFB40500B066AD /* SettingsViewCtrl.m */; };
		899303361EFFB78F00B066AD /* StudentInstance.m in Sources */ = {isa = PBXBuildFile; fileRef = 899303351EFFB78F00B066AD /* StudentInstance.m */; };
		8993033E1EFFF76300B066AD /* TabBarManagerViewCtrl.m in Sources */ = {isa = PBXBuildFile; fileRef = 8993033D1EFFF76300B066AD /* TabBarManagerViewCtrl.m */; };
		89CFBCC01EFE15BD00439496 /* main.m in Sources */ = {isa = PBXBuildFile; fileRef = 89CFBCBF1EFE15BD00439496 /* main.m */; };
		89CFBCC31EFE15BD00439496 /* AppDelegate.m in Sources */ = {isa = PBXBuildFile; fileRef = 89CFBCC21EFE15BD00439496 /* AppDelegate.m */; };
		89CFBCC91EFE15BD00439496 /* Main.storyboard in Resources */ = {isa = PBXBuildFile; fileRef = 89CFBCC71EFE15BD00439496 /* Main.storyboard */; };
		89CFBCCB1EFE15BD00439496 /* Assets.xcassets in Resources */ = {isa = PBXBuildFile; fileRef = 89CFBCCA1EFE15BD00439496 /* Assets.xcassets */; };
		89CFBCCE1EFE15BD00439496 /* LaunchScreen.storyboard in Resources */ = {isa = PBXBuildFile; fileRef = 89CFBCCC1EFE15BD00439496 /* LaunchScreen.storyboard */; };
		89CFBCD81EFE15EE00439496 /* LoginViewCtrl.m in Sources */ = {isa = PBXBuildFile; fileRef = 89CFBCD71EFE15EE00439496 /* LoginViewCtrl.m */; };
		89CFBCE01EFE160E00439496 /* LoginInfoModel.m in Sources */ = {isa = PBXBuildFile; fileRef = 89CFBCDB1EFE160E00439496 /* LoginInfoModel.m */; };
		89CFBCE11EFE160E00439496 /* StudentBaseInfoManager.m in Sources */ = {isa = PBXBuildFile; fileRef = 89CFBCDD1EFE160E00439496 /* StudentBaseInfoManager.m */; };
		89CFBCE21EFE160E00439496 /* StudentScoreInDetailsModel.m in Sources */ = {isa = PBXBuildFile; fileRef = 89CFBCDF1EFE160E00439496 /* StudentScoreInDetailsModel.m */; };
		89CFBCE91EFE163C00439496 /* SYHttpTool.m in Sources */ = {isa = PBXBuildFile; fileRef = 89CFBCE61EFE163C00439496 /* SYHttpTool.m */; };
		89CFBCEA1EFE163C00439496 /* SysTool.m in Sources */ = {isa = PBXBuildFile; fileRef = 89CFBCE81EFE163C00439496 /* SysTool.m */; };
		89CFBCF11EFE164100439496 /* StaffHomePageViewCtrl.m in Sources */ = {isa = PBXBuildFile; fileRef = 89CFBCEF1EFE164100439496 /* StaffHomePageViewCtrl.m */; };
		89CFBD021EFE164600439496 /* scoreInDetailTableViewCell.m in Sources */ = {isa = PBXBuildFile; fileRef = 89CFBCF71EFE164600439496 /* scoreInDetailTableViewCell.m */; };
		89CFBD031EFE164600439496 /* StudentInfoTableViewCell.m in Sources */ = {isa = PBXBuildFile; fileRef = 89CFBCF91EFE164600439496 /* StudentInfoTableViewCell.m */; };
		89CFBD061EFE164600439496 /* YQNumberSlideView.m in Sources */ = {isa = PBXBuildFile; fileRef = 89CFBCFF1EFE164600439496 /* YQNumberSlideView.m */; };
		89CFBD0A1EFE164C00439496 /* UIColor+expanded.m in Sources */ = {isa = PBXBuildFile; fileRef = 89CFBD091EFE164C00439496 /* UIColor+expanded.m */; };
		89E15C571F01F2BB00452B08 /* Images.xcassets in Resources */ = {isa = PBXBuildFile; fileRef = 89E15C561F01F2BB00452B08 /* Images.xcassets */; };
		89E22D971F1C48CB00FC4F6D /* CreateObjectivesViewCtrl.m in Sources */ = {isa = PBXBuildFile; fileRef = 89E22D961F1C48CB00FC4F6D /* CreateObjectivesViewCtrl.m */; };
		89E22D9A1F1CB46900FC4F6D /* TasksDetailsViewCtrl.m in Sources */ = {isa = PBXBuildFile; fileRef = 89E22D991F1CB46900FC4F6D /* TasksDetailsViewCtrl.m */; };
		89E22D9E1F1DACB100FC4F6D /* CreateTaskViewCtrl.m in Sources */ = {isa = PBXBuildFile; fileRef = 89E22D9D1F1DACB100FC4F6D /* CreateTaskViewCtrl.m */; };
		89E22DA11F1E4D6A00FC4F6D /* StudentCheckInRecordDetailsViewCtrl.m in Sources */ = {isa = PBXBuildFile; fileRef = 89E22DA01F1E4D6A00FC4F6D /* StudentCheckInRecordDetailsViewCtrl.m */; };
		89E22DA51F208FDD00FC4F6D /* GuideViewCtrl.m in Sources */ = {isa = PBXBuildFile; fileRef = 89E22DA41F208FDD00FC4F6D /* GuideViewCtrl.m */; };
		89E22DA81F20901300FC4F6D /* HomeNavViewCtrl.m in Sources */ = {isa = PBXBuildFile; fileRef = 89E22DA71F20901300FC4F6D /* HomeNavViewCtrl.m */; };
		89F58FBE1F0F703A00AC6B1B /* FamilyInfoViewCtrl.m in Sources */ = {isa = PBXBuildFile; fileRef = 89F58FBD1F0F703A00AC6B1B /* FamilyInfoViewCtrl.m */; };
		89F58FC21F0F765A00AC6B1B /* FamilyInfoModel.m in Sources */ = {isa = PBXBuildFile; fileRef = 89F58FC11F0F765A00AC6B1B /* FamilyInfoModel.m */; };
		89FDE5861F0DD13C001158F1 /* EducationInfoViewCtrl.m in Sources */ = {isa = PBXBuildFile; fileRef = 89FDE5851F0DD13C001158F1 /* EducationInfoViewCtrl.m */; };
		89FDE5891F0DD598001158F1 /* EduInfoModel.m in Sources */ = {isa = PBXBuildFile; fileRef = 89FDE5881F0DD598001158F1 /* EduInfoModel.m */; };
		89FDE58C1F0DE0DF001158F1 /* DocumentViewCtrl.m in Sources */ = {isa = PBXBuildFile; fileRef = 89FDE58B1F0DE0DF001158F1 /* DocumentViewCtrl.m */; };
		89FDE58F1F0E0607001158F1 /* ProfileDocumentModel.m in Sources */ = {isa = PBXBuildFile; fileRef = 89FDE58E1F0E0607001158F1 /* ProfileDocumentModel.m */; };
		89FDE5911F0E101F001158F1 /* WebKit.framework in Frameworks */ = {isa = PBXBuildFile; fileRef = 89FDE5901F0E101F001158F1 /* WebKit.framework */; };
		89FDE5941F0E2409001158F1 /* PassportInfoViewCtrl.m in Sources */ = {isa = PBXBuildFile; fileRef = 89FDE5931F0E2409001158F1 /* PassportInfoViewCtrl.m */; };
		89FDE5971F0E72A3001158F1 /* CourseInfoViewCtrl.m in Sources */ = {isa = PBXBuildFile; fileRef = 89FDE5961F0E72A3001158F1 /* CourseInfoViewCtrl.m */; };
		89FDE59A1F0E7487001158F1 /* CourseInfoModel.m in Sources */ = {isa = PBXBuildFile; fileRef = 89FDE5991F0E7487001158F1 /* CourseInfoModel.m */; };
		89FDE5A31F0F30E5001158F1 /* HonorActivityViewCtrl.m in Sources */ = {isa = PBXBuildFile; fileRef = 89FDE5A21F0F30E5001158F1 /* HonorActivityViewCtrl.m */; };
		89FDE5A71F0F324A001158F1 /* HonorActivityModel.m in Sources */ = {isa = PBXBuildFile; fileRef = 89FDE5A61F0F324A001158F1 /* HonorActivityModel.m */; };
/* End PBXBuildFile section */

/* Begin PBXFileReference section */
		30DEF1E016840C712AF95BB8 /* Pods-VisionaryEdu.debug.xcconfig */ = {isa = PBXFileReference; includeInIndex = 1; lastKnownFileType = text.xcconfig; name = "Pods-VisionaryEdu.debug.xcconfig"; path = "Pods/Target Support Files/Pods-VisionaryEdu/Pods-VisionaryEdu.debug.xcconfig"; sourceTree = "<group>"; };
		8916B2571F0CD59000808BC8 /* TestAccountModel.h */ = {isa = PBXFileReference; fileEncoding = 4; lastKnownFileType = sourcecode.c.h; name = TestAccountModel.h; path = documents/TestAccountModel.h; sourceTree = "<group>"; };
		8916B2581F0CD59000808BC8 /* TestAccountModel.m */ = {isa = PBXFileReference; fileEncoding = 4; lastKnownFileType = sourcecode.c.objc; name = TestAccountModel.m; path = documents/TestAccountModel.m; sourceTree = "<group>"; };
		8916B25B1F0CE7F700808BC8 /* PersonalInfoTableViewCtrl.h */ = {isa = PBXFileReference; fileEncoding = 4; lastKnownFileType = sourcecode.c.h; name = PersonalInfoTableViewCtrl.h; path = Student_Parent/DocumentsViewCtrl/PersonalInfoTableViewCtrl.h; sourceTree = "<group>"; };
		8916B25C1F0CE7F700808BC8 /* PersonalInfoTableViewCtrl.m */ = {isa = PBXFileReference; fileEncoding = 4; lastKnownFileType = sourcecode.c.objc; name = PersonalInfoTableViewCtrl.m; path = Student_Parent/DocumentsViewCtrl/PersonalInfoTableViewCtrl.m; sourceTree = "<group>"; };
		8916B25E1F0CF71400808BC8 /* PersonalInfoModel.h */ = {isa = PBXFileReference; fileEncoding = 4; lastKnownFileType = sourcecode.c.h; name = PersonalInfoModel.h; path = documents/PersonalInfoModel.h; sourceTree = "<group>"; };
		8916B25F1F0CF71400808BC8 /* PersonalInfoModel.m */ = {isa = PBXFileReference; fileEncoding = 4; lastKnownFileType = sourcecode.c.objc; name = PersonalInfoModel.m; path = documents/PersonalInfoModel.m; sourceTree = "<group>"; };
		8916B2611F0CF84A00808BC8 /* Username.h */ = {isa = PBXFileReference; fileEncoding = 4; lastKnownFileType = sourcecode.c.h; name = Username.h; path = documents/Username.h; sourceTree = "<group>"; };
		8916B2621F0CF84A00808BC8 /* Username.m */ = {isa = PBXFileReference; fileEncoding = 4; lastKnownFileType = sourcecode.c.objc; name = Username.m; path = documents/Username.m; sourceTree = "<group>"; };
		891BB7C11F00979000F4DD60 /* ScheduleViewCtrl.h */ = {isa = PBXFileReference; fileEncoding = 4; lastKnownFileType = sourcecode.c.h; path = ScheduleViewCtrl.h; sourceTree = "<group>"; };
		891BB7C21F00979000F4DD60 /* ScheduleViewCtrl.m */ = {isa = PBXFileReference; fileEncoding = 4; lastKnownFileType = sourcecode.c.objc; path = ScheduleViewCtrl.m; sourceTree = "<group>"; };
		891BB7C51F009EB300F4DD60 /* Reveal.framework */ = {isa = PBXFileReference; lastKnownFileType = wrapper.framework; path = Reveal.framework; sourceTree = "<group>"; };
		891BB7CA1F014C5500F4DD60 /* PwdModifyViewCtrl.h */ = {isa = PBXFileReference; fileEncoding = 4; lastKnownFileType = sourcecode.c.h; path = PwdModifyViewCtrl.h; sourceTree = "<group>"; };
		891BB7CB1F014C5500F4DD60 /* PwdModifyViewCtrl.m */ = {isa = PBXFileReference; fileEncoding = 4; lastKnownFileType = sourcecode.c.objc; path = PwdModifyViewCtrl.m; sourceTree = "<group>"; };
		893AC6981F02508F00990A48 /* CustomTabbarView.xib */ = {isa = PBXFileReference; fileEncoding = 4; lastKnownFileType = file.xib; path = CustomTabbarView.xib; sourceTree = "<group>"; };
		893AC69A1F0254D000990A48 /* CustomTabbarView.h */ = {isa = PBXFileReference; fileEncoding = 4; lastKnownFileType = sourcecode.c.h; path = CustomTabbarView.h; sourceTree = "<group>"; };
		893AC69B1F0254D000990A48 /* CustomTabbarView.m */ = {isa = PBXFileReference; fileEncoding = 4; lastKnownFileType = sourcecode.c.objc; path = CustomTabbarView.m; sourceTree = "<group>"; };
		893AC69D1F0260CF00990A48 /* MeViewCtrl.h */ = {isa = PBXFileReference; fileEncoding = 4; lastKnownFileType = sourcecode.c.h; name = MeViewCtrl.h; path = Student_Parent/MeViewCtrl.h; sourceTree = "<group>"; };
		893AC69E1F0260CF00990A48 /* MeViewCtrl.m */ = {isa = PBXFileReference; fileEncoding = 4; lastKnownFileType = sourcecode.c.objc; name = MeViewCtrl.m; path = Student_Parent/MeViewCtrl.m; sourceTree = "<group>"; };
		893AC6A11F03499F00990A48 /* StudentScheduleModel.h */ = {isa = PBXFileReference; fileEncoding = 4; lastKnownFileType = sourcecode.c.h; path = StudentScheduleModel.h; sourceTree = "<group>"; };
		893AC6A21F03499F00990A48 /* StudentScheduleModel.m */ = {isa = PBXFileReference; fileEncoding = 4; lastKnownFileType = sourcecode.c.objc; path = StudentScheduleModel.m; sourceTree = "<group>"; };
		8946E3931F109BFF002F7B06 /* RecentObjectivesViewCtrl.h */ = {isa = PBXFileReference; fileEncoding = 4; lastKnownFileType = sourcecode.c.h; path = RecentObjectivesViewCtrl.h; sourceTree = "<group>"; };
		8946E3941F109BFF002F7B06 /* RecentObjectivesViewCtrl.m */ = {isa = PBXFileReference; fileEncoding = 4; lastKnownFileType = sourcecode.c.objc; path = RecentObjectivesViewCtrl.m; sourceTree = "<group>"; };
		8946E3961F109DA2002F7B06 /* RecentObjectivesModel.h */ = {isa = PBXFileReference; fileEncoding = 4; lastKnownFileType = sourcecode.c.h; path = RecentObjectivesModel.h; sourceTree = "<group>"; };
		8946E3971F109DA2002F7B06 /* RecentObjectivesModel.m */ = {isa = PBXFileReference; fileEncoding = 4; lastKnownFileType = sourcecode.c.objc; path = RecentObjectivesModel.m; sourceTree = "<group>"; };
		8946E3991F10AD74002F7B06 /* ObjDetailsUViewCtrl.h */ = {isa = PBXFileReference; fileEncoding = 4; lastKnownFileType = sourcecode.c.h; path = ObjDetailsUViewCtrl.h; sourceTree = "<group>"; };
		8946E39A1F10AD74002F7B06 /* ObjDetailsUViewCtrl.m */ = {isa = PBXFileReference; fileEncoding = 4; lastKnownFileType = sourcecode.c.objc; path = ObjDetailsUViewCtrl.m; sourceTree = "<group>"; };
		8946E39C1F10C1F6002F7B06 /* GradeDetailsViewCtrl.h */ = {isa = PBXFileReference; fileEncoding = 4; lastKnownFileType = sourcecode.c.h; path = GradeDetailsViewCtrl.h; sourceTree = "<group>"; };
		8946E39D1F10C1F6002F7B06 /* GradeDetailsViewCtrl.m */ = {isa = PBXFileReference; fileEncoding = 4; lastKnownFileType = sourcecode.c.objc; path = GradeDetailsViewCtrl.m; sourceTree = "<group>"; };
		8946E3A41F131263002F7B06 /* CreateStaffScheduleViewCtrl.h */ = {isa = PBXFileReference; fileEncoding = 4; lastKnownFileType = sourcecode.c.h; path = CreateStaffScheduleViewCtrl.h; sourceTree = "<group>"; };
		8946E3A51F131263002F7B06 /* CreateStaffScheduleViewCtrl.m */ = {isa = PBXFileReference; fileEncoding = 4; lastKnownFileType = sourcecode.c.objc; path = CreateStaffScheduleViewCtrl.m; sourceTree = "<group>"; };
		8946E3A71F13198D002F7B06 /* StaffScheduleInventionsViewCtrl.h */ = {isa = PBXFileReference; fileEncoding = 4; lastKnownFileType = sourcecode.c.h; path = StaffScheduleInventionsViewCtrl.h; sourceTree = "<group>"; };
		8946E3A81F13198D002F7B06 /* StaffScheduleInventionsViewCtrl.m */ = {isa = PBXFileReference; fileEncoding = 4; lastKnownFileType = sourcecode.c.objc; path = StaffScheduleInventionsViewCtrl.m; sourceTree = "<group>"; };
		8946E3AA1F132348002F7B06 /* StaffListModel.h */ = {isa = PBXFileReference; fileEncoding = 4; lastKnownFileType = sourcecode.c.h; path = StaffListModel.h; sourceTree = "<group>"; };
		8946E3AB1F132348002F7B06 /* StaffListModel.m */ = {isa = PBXFileReference; fileEncoding = 4; lastKnownFileType = sourcecode.c.objc; path = StaffListModel.m; sourceTree = "<group>"; };
		8946E3AD1F132713002F7B06 /* StudentListModel.h */ = {isa = PBXFileReference; fileEncoding = 4; lastKnownFileType = sourcecode.c.h; path = StudentListModel.h; sourceTree = "<group>"; };
		8946E3AE1F132713002F7B06 /* StudentListModel.m */ = {isa = PBXFileReference; fileEncoding = 4; lastKnownFileType = sourcecode.c.objc; path = StudentListModel.m; sourceTree = "<group>"; };
		8950F0BA1F1471DF00BFE1E7 /* MeetingDetailsViewCtrl.h */ = {isa = PBXFileReference; fileEncoding = 4; lastKnownFileType = sourcecode.c.h; name = MeetingDetailsViewCtrl.h; path = ScheduleDetails/MeetingDetailsViewCtrl.h; sourceTree = "<group>"; };
		8950F0BB1F1471DF00BFE1E7 /* MeetingDetailsViewCtrl.m */ = {isa = PBXFileReference; fileEncoding = 4; lastKnownFileType = sourcecode.c.objc; name = MeetingDetailsViewCtrl.m; path = ScheduleDetails/MeetingDetailsViewCtrl.m; sourceTree = "<group>"; };
		8950F0BE1F148A0F00BFE1E7 /* DatePickerViewController.h */ = {isa = PBXFileReference; fileEncoding = 4; lastKnownFileType = sourcecode.c.h; name = DatePickerViewController.h; path = ScheduleDetails/DatePickerViewController.h; sourceTree = "<group>"; };
		8950F0BF1F148A0F00BFE1E7 /* DatePickerViewController.m */ = {isa = PBXFileReference; fileEncoding = 4; lastKnownFileType = sourcecode.c.objc; name = DatePickerViewController.m; path = ScheduleDetails/DatePickerViewController.m; sourceTree = "<group>"; };
		8950F0C61F14BFBA00BFE1E7 /* CheckInRecordDetailsViewCtrl.h */ = {isa = PBXFileReference; fileEncoding = 4; lastKnownFileType = sourcecode.c.h; name = CheckInRecordDetailsViewCtrl.h; path = ScheduleDetails/CheckInRecordDetailsViewCtrl.h; sourceTree = "<group>"; };
		8950F0C71F14BFBA00BFE1E7 /* CheckInRecordDetailsViewCtrl.m */ = {isa = PBXFileReference; fileEncoding = 4; lastKnownFileType = sourcecode.c.objc; name = CheckInRecordDetailsViewCtrl.m; path = ScheduleDetails/CheckInRecordDetailsViewCtrl.m; sourceTree = "<group>"; };
		8950F0CA1F15C25D00BFE1E7 /* VisionaryEdu.entitlements */ = {isa = PBXFileReference; lastKnownFileType = text.plist.entitlements; path = VisionaryEdu.entitlements; sourceTree = "<group>"; };
		895508191F21D7EA0029E230 /* CreateTestScheduleViewCtrl.h */ = {isa = PBXFileReference; fileEncoding = 4; lastKnownFileType = sourcecode.c.h; path = CreateTestScheduleViewCtrl.h; sourceTree = "<group>"; };
		8955081A1F21D7EA0029E230 /* CreateTestScheduleViewCtrl.m */ = {isa = PBXFileReference; fileEncoding = 4; lastKnownFileType = sourcecode.c.objc; path = CreateTestScheduleViewCtrl.m; sourceTree = "<group>"; };
		8955081C1F25A3210029E230 /* GradeModelForUpload.h */ = {isa = PBXFileReference; fileEncoding = 4; lastKnownFileType = sourcecode.c.h; path = GradeModelForUpload.h; sourceTree = "<group>"; };
		8955081D1F25A3210029E230 /* GradeModelForUpload.m */ = {isa = PBXFileReference; fileEncoding = 4; lastKnownFileType = sourcecode.c.objc; path = GradeModelForUpload.m; sourceTree = "<group>"; };
		895508211F2755960029E230 /* FutureTestScheduleModel.h */ = {isa = PBXFileReference; fileEncoding = 4; lastKnownFileType = sourcecode.c.h; path = FutureTestScheduleModel.h; sourceTree = "<group>"; };
		895508221F2755960029E230 /* FutureTestScheduleModel.m */ = {isa = PBXFileReference; fileEncoding = 4; lastKnownFileType = sourcecode.c.objc; path = FutureTestScheduleModel.m; sourceTree = "<group>"; };
		895508241F2792CF0029E230 /* UnrecordGradeViewCtrl.h */ = {isa = PBXFileReference; fileEncoding = 4; lastKnownFileType = sourcecode.c.h; path = UnrecordGradeViewCtrl.h; sourceTree = "<group>"; };
		895508251F2792CF0029E230 /* UnrecordGradeViewCtrl.m */ = {isa = PBXFileReference; fileEncoding = 4; lastKnownFileType = sourcecode.c.objc; path = UnrecordGradeViewCtrl.m; sourceTree = "<group>"; };
		89652E5B1F03E9A200CDDECB /* StudentScheduleCellManager.h */ = {isa = PBXFileReference; fileEncoding = 4; lastKnownFileType = sourcecode.c.h; path = StudentScheduleCellManager.h; sourceTree = "<group>"; };
		89652E5C1F03E9A200CDDECB /* StudentScheduleCellManager.m */ = {isa = PBXFileReference; fileEncoding = 4; lastKnownFileType = sourcecode.c.objc; path = StudentScheduleCellManager.m; sourceTree = "<group>"; };
		89652E5E1F04D6C200CDDECB /* ScheduleRangeManager.h */ = {isa = PBXFileReference; fileEncoding = 4; lastKnownFileType = sourcecode.c.h; path = ScheduleRangeManager.h; sourceTree = "<group>"; };
		89652E5F1F04D6C200CDDECB /* ScheduleRangeManager.m */ = {isa = PBXFileReference; fileEncoding = 4; lastKnownFileType = sourcecode.c.objc; path = ScheduleRangeManager.m; sourceTree = "<group>"; };
		89652E611F053F4900CDDECB /* StaffScheduleViewCtrl.h */ = {isa = PBXFileReference; fileEncoding = 4; lastKnownFileType = sourcecode.c.h; path = StaffScheduleViewCtrl.h; sourceTree = "<group>"; };
		89652E621F053F4900CDDECB /* StaffScheduleViewCtrl.m */ = {isa = PBXFileReference; fileEncoding = 4; lastKnownFileType = sourcecode.c.objc; path = StaffScheduleViewCtrl.m; sourceTree = "<group>"; };
		89652E651F05D69E00CDDECB /* StaffScheduleModel.h */ = {isa = PBXFileReference; fileEncoding = 4; lastKnownFileType = sourcecode.c.h; name = StaffScheduleModel.h; path = VisionaryEdu/Model/StaffScheduleModel.h; sourceTree = SOURCE_ROOT; };
		89652E661F05D69E00CDDECB /* StaffScheduleModel.m */ = {isa = PBXFileReference; fileEncoding = 4; lastKnownFileType = sourcecode.c.objc; name = StaffScheduleModel.m; path = VisionaryEdu/Model/StaffScheduleModel.m; sourceTree = SOURCE_ROOT; };
		89652E691F05DF5300CDDECB /* StaffScheduleCellManager.h */ = {isa = PBXFileReference; fileEncoding = 4; lastKnownFileType = sourcecode.c.h; name = StaffScheduleCellManager.h; path = VisionaryEdu/Staff/StaffScheduleCellManager.h; sourceTree = SOURCE_ROOT; };
		89652E6A1F05DF5300CDDECB /* StaffScheduleCellManager.m */ = {isa = PBXFileReference; fileEncoding = 4; lastKnownFileType = sourcecode.c.objc; name = StaffScheduleCellManager.m; path = VisionaryEdu/Staff/StaffScheduleCellManager.m; sourceTree = SOURCE_ROOT; };
		89652E6C1F092D3C00CDDECB /* StudentGradeViewCtrl.h */ = {isa = PBXFileReference; fileEncoding = 4; lastKnownFileType = sourcecode.c.h; path = StudentGradeViewCtrl.h; sourceTree = "<group>"; };
		89652E6D1F092D3C00CDDECB /* StudentGradeViewCtrl.m */ = {isa = PBXFileReference; fileEncoding = 4; lastKnownFileType = sourcecode.c.objc; path = StudentGradeViewCtrl.m; sourceTree = "<group>"; };
		89652E6F1F0A3DF100CDDECB /* SingleGradeView.xib */ = {isa = PBXFileReference; fileEncoding = 4; lastKnownFileType = file.xib; path = SingleGradeView.xib; sourceTree = "<group>"; };
		89652E721F0A41D800CDDECB /* SingleGradeView.h */ = {isa = PBXFileReference; fileEncoding = 4; lastKnownFileType = sourcecode.c.h; path = SingleGradeView.h; sourceTree = "<group>"; };
		89652E731F0A41D800CDDECB /* SingleGradeView.m */ = {isa = PBXFileReference; fileEncoding = 4; lastKnownFileType = sourcecode.c.objc; path = SingleGradeView.m; sourceTree = "<group>"; };
		89652E761F0B691B00CDDECB /* GradeTendingViewCtrl.h */ = {isa = PBXFileReference; fileEncoding = 4; lastKnownFileType = sourcecode.c.h; path = GradeTendingViewCtrl.h; sourceTree = "<group>"; };
		89652E771F0B691B00CDDECB /* GradeTendingViewCtrl.m */ = {isa = PBXFileReference; fileEncoding = 4; lastKnownFileType = sourcecode.c.objc; path = GradeTendingViewCtrl.m; sourceTree = "<group>"; };
		896B65A01F218E1200B6EE4D /* RecordGradeViewCtrl.h */ = {isa = PBXFileReference; fileEncoding = 4; lastKnownFileType = sourcecode.c.h; path = RecordGradeViewCtrl.h; sourceTree = "<group>"; };
		896B65A11F218E1200B6EE4D /* RecordGradeViewCtrl.m */ = {isa = PBXFileReference; fileEncoding = 4; lastKnownFileType = sourcecode.c.objc; path = RecordGradeViewCtrl.m; sourceTree = "<group>"; };
		896B65A31F21A9F900B6EE4D /* HWDownSelectedView.h */ = {isa = PBXFileReference; fileEncoding = 4; lastKnownFileType = sourcecode.c.h; path = HWDownSelectedView.h; sourceTree = "<group>"; };
		896B65A41F21A9F900B6EE4D /* HWDownSelectedView.m */ = {isa = PBXFileReference; fileEncoding = 4; lastKnownFileType = sourcecode.c.objc; path = HWDownSelectedView.m; sourceTree = "<group>"; };
		897A0A781F0C8C5100EE8846 /* CommentViewCtrl.h */ = {isa = PBXFileReference; fileEncoding = 4; lastKnownFileType = sourcecode.c.h; path = CommentViewCtrl.h; sourceTree = "<group>"; };
		897A0A791F0C8C5100EE8846 /* CommentViewCtrl.m */ = {isa = PBXFileReference; fileEncoding = 4; lastKnownFileType = sourcecode.c.objc; path = CommentViewCtrl.m; sourceTree = "<group>"; };
		897A0A831F0CCE2100EE8846 /* TestInfoFormViewCtrl.h */ = {isa = PBXFileReference; fileEncoding = 4; lastKnownFileType = sourcecode.c.h; name = TestInfoFormViewCtrl.h; path = Student_Parent/DocumentsViewCtrl/TestInfoFormViewCtrl.h; sourceTree = "<group>"; };
		897A0A841F0CCE2100EE8846 /* TestInfoFormViewCtrl.m */ = {isa = PBXFileReference; fileEncoding = 4; lastKnownFileType = sourcecode.c.objc; name = TestInfoFormViewCtrl.m; path = Student_Parent/DocumentsViewCtrl/TestInfoFormViewCtrl.m; sourceTree = "<group>"; };
		8993032F1EFE17A000B066AD /* config.h */ = {isa = PBXFileReference; lastKnownFileType = sourcecode.c.h; path = config.h; sourceTree = "<group>"; };
		899303301EFFB40500B066AD /* SettingsViewCtrl.h */ = {isa = PBXFileReference; fileEncoding = 4; lastKnownFileType = sourcecode.c.h; name = SettingsViewCtrl.h; path = ../Student_Parent/SettingsViewCtrl.h; sourceTree = "<group>"; };
		899303311EFFB40500B066AD /* SettingsViewCtrl.m */ = {isa = PBXFileReference; fileEncoding = 4; lastKnownFileType = sourcecode.c.objc; name = SettingsViewCtrl.m; path = ../Student_Parent/SettingsViewCtrl.m; sourceTree = "<group>"; };
		899303341EFFB78F00B066AD /* StudentInstance.h */ = {isa = PBXFileReference; fileEncoding = 4; lastKnownFileType = sourcecode.c.h; name = StudentInstance.h; path = VisionaryEdu/Model/StudentInstance.h; sourceTree = SOURCE_ROOT; };
		899303351EFFB78F00B066AD /* StudentInstance.m */ = {isa = PBXFileReference; fileEncoding = 4; lastKnownFileType = sourcecode.c.objc; name = StudentInstance.m; path = VisionaryEdu/Model/StudentInstance.m; sourceTree = SOURCE_ROOT; };
		8993033C1EFFF76300B066AD /* TabBarManagerViewCtrl.h */ = {isa = PBXFileReference; fileEncoding = 4; lastKnownFileType = sourcecode.c.h; path = TabBarManagerViewCtrl.h; sourceTree = "<group>"; };
		8993033D1EFFF76300B066AD /* TabBarManagerViewCtrl.m */ = {isa = PBXFileReference; fileEncoding = 4; lastKnownFileType = sourcecode.c.objc; path = TabBarManagerViewCtrl.m; sourceTree = "<group>"; };
		89CFBCBB1EFE15BD00439496 /* VisionaryEdu.app */ = {isa = PBXFileReference; explicitFileType = wrapper.application; includeInIndex = 0; path = VisionaryEdu.app; sourceTree = BUILT_PRODUCTS_DIR; };
		89CFBCBF1EFE15BD00439496 /* main.m */ = {isa = PBXFileReference; lastKnownFileType = sourcecode.c.objc; path = main.m; sourceTree = "<group>"; };
		89CFBCC11EFE15BD00439496 /* AppDelegate.h */ = {isa = PBXFileReference; lastKnownFileType = sourcecode.c.h; path = AppDelegate.h; sourceTree = "<group>"; };
		89CFBCC21EFE15BD00439496 /* AppDelegate.m */ = {isa = PBXFileReference; lastKnownFileType = sourcecode.c.objc; path = AppDelegate.m; sourceTree = "<group>"; };
		89CFBCC81EFE15BD00439496 /* Base */ = {isa = PBXFileReference; lastKnownFileType = file.storyboard; name = Base; path = Base.lproj/Main.storyboard; sourceTree = "<group>"; };
		89CFBCCA1EFE15BD00439496 /* Assets.xcassets */ = {isa = PBXFileReference; lastKnownFileType = folder.assetcatalog; path = Assets.xcassets; sourceTree = "<group>"; };
		89CFBCCD1EFE15BD00439496 /* Base */ = {isa = PBXFileReference; lastKnownFileType = file.storyboard; name = Base; path = Base.lproj/LaunchScreen.storyboard; sourceTree = "<group>"; };
		89CFBCCF1EFE15BD00439496 /* Info.plist */ = {isa = PBXFileReference; lastKnownFileType = text.plist.xml; path = Info.plist; sourceTree = "<group>"; };
		89CFBCD61EFE15EE00439496 /* LoginViewCtrl.h */ = {isa = PBXFileReference; fileEncoding = 4; lastKnownFileType = sourcecode.c.h; path = LoginViewCtrl.h; sourceTree = "<group>"; };
		89CFBCD71EFE15EE00439496 /* LoginViewCtrl.m */ = {isa = PBXFileReference; fileEncoding = 4; lastKnownFileType = sourcecode.c.objc; path = LoginViewCtrl.m; sourceTree = "<group>"; };
		89CFBCDA1EFE160E00439496 /* LoginInfoModel.h */ = {isa = PBXFileReference; fileEncoding = 4; lastKnownFileType = sourcecode.c.h; path = LoginInfoModel.h; sourceTree = "<group>"; };
		89CFBCDB1EFE160E00439496 /* LoginInfoModel.m */ = {isa = PBXFileReference; fileEncoding = 4; lastKnownFileType = sourcecode.c.objc; path = LoginInfoModel.m; sourceTree = "<group>"; };
		89CFBCDC1EFE160E00439496 /* StudentBaseInfoManager.h */ = {isa = PBXFileReference; fileEncoding = 4; lastKnownFileType = sourcecode.c.h; path = StudentBaseInfoManager.h; sourceTree = "<group>"; };
		89CFBCDD1EFE160E00439496 /* StudentBaseInfoManager.m */ = {isa = PBXFileReference; fileEncoding = 4; lastKnownFileType = sourcecode.c.objc; path = StudentBaseInfoManager.m; sourceTree = "<group>"; };
		89CFBCDE1EFE160E00439496 /* StudentScoreInDetailsModel.h */ = {isa = PBXFileReference; fileEncoding = 4; lastKnownFileType = sourcecode.c.h; path = StudentScoreInDetailsModel.h; sourceTree = "<group>"; };
		89CFBCDF1EFE160E00439496 /* StudentScoreInDetailsModel.m */ = {isa = PBXFileReference; fileEncoding = 4; lastKnownFileType = sourcecode.c.objc; path = StudentScoreInDetailsModel.m; sourceTree = "<group>"; };
		89CFBCE41EFE163C00439496 /* MWHTTPMacro.h */ = {isa = PBXFileReference; fileEncoding = 4; lastKnownFileType = sourcecode.c.h; path = MWHTTPMacro.h; sourceTree = "<group>"; };
		89CFBCE51EFE163C00439496 /* SYHttpTool.h */ = {isa = PBXFileReference; fileEncoding = 4; lastKnownFileType = sourcecode.c.h; path = SYHttpTool.h; sourceTree = "<group>"; };
		89CFBCE61EFE163C00439496 /* SYHttpTool.m */ = {isa = PBXFileReference; fileEncoding = 4; lastKnownFileType = sourcecode.c.objc; path = SYHttpTool.m; sourceTree = "<group>"; };
		89CFBCE71EFE163C00439496 /* SysTool.h */ = {isa = PBXFileReference; fileEncoding = 4; lastKnownFileType = sourcecode.c.h; name = SysTool.h; path = ../network/SysTool.h; sourceTree = "<group>"; };
		89CFBCE81EFE163C00439496 /* SysTool.m */ = {isa = PBXFileReference; fileEncoding = 4; lastKnownFileType = sourcecode.c.objc; name = SysTool.m; path = ../network/SysTool.m; sourceTree = "<group>"; };
		89CFBCEE1EFE164100439496 /* StaffHomePageViewCtrl.h */ = {isa = PBXFileReference; fileEncoding = 4; lastKnownFileType = sourcecode.c.h; path = StaffHomePageViewCtrl.h; sourceTree = "<group>"; };
		89CFBCEF1EFE164100439496 /* StaffHomePageViewCtrl.m */ = {isa = PBXFileReference; fileEncoding = 4; lastKnownFileType = sourcecode.c.objc; path = StaffHomePageViewCtrl.m; sourceTree = "<group>"; };
		89CFBCF61EFE164600439496 /* scoreInDetailTableViewCell.h */ = {isa = PBXFileReference; fileEncoding = 4; lastKnownFileType = sourcecode.c.h; path = scoreInDetailTableViewCell.h; sourceTree = "<group>"; };
		89CFBCF71EFE164600439496 /* scoreInDetailTableViewCell.m */ = {isa = PBXFileReference; fileEncoding = 4; lastKnownFileType = sourcecode.c.objc; path = scoreInDetailTableViewCell.m; sourceTree = "<group>"; };
		89CFBCF81EFE164600439496 /* StudentInfoTableViewCell.h */ = {isa = PBXFileReference; fileEncoding = 4; lastKnownFileType = sourcecode.c.h; name = StudentInfoTableViewCell.h; path = ../Student_Parent/StudentInfoTableViewCell.h; sourceTree = "<group>"; };
		89CFBCF91EFE164600439496 /* StudentInfoTableViewCell.m */ = {isa = PBXFileReference; fileEncoding = 4; lastKnownFileType = sourcecode.c.objc; name = StudentInfoTableViewCell.m; path = ../Student_Parent/StudentInfoTableViewCell.m; sourceTree = "<group>"; };
		89CFBCFE1EFE164600439496 /* YQNumberSlideView.h */ = {isa = PBXFileReference; fileEncoding = 4; lastKnownFileType = sourcecode.c.h; path = YQNumberSlideView.h; sourceTree = "<group>"; };
		89CFBCFF1EFE164600439496 /* YQNumberSlideView.m */ = {isa = PBXFileReference; fileEncoding = 4; lastKnownFileType = sourcecode.c.objc; path = YQNumberSlideView.m; sourceTree = "<group>"; };
		89CFBD081EFE164C00439496 /* UIColor+expanded.h */ = {isa = PBXFileReference; fileEncoding = 4; lastKnownFileType = sourcecode.c.h; path = "UIColor+expanded.h"; sourceTree = "<group>"; };
		89CFBD091EFE164C00439496 /* UIColor+expanded.m */ = {isa = PBXFileReference; fileEncoding = 4; lastKnownFileType = sourcecode.c.objc; path = "UIColor+expanded.m"; sourceTree = "<group>"; };
		89E15C561F01F2BB00452B08 /* Images.xcassets */ = {isa = PBXFileReference; lastKnownFileType = folder.assetcatalog; path = Images.xcassets; sourceTree = "<group>"; };
		89E22D951F1C48CB00FC4F6D /* CreateObjectivesViewCtrl.h */ = {isa = PBXFileReference; fileEncoding = 4; lastKnownFileType = sourcecode.c.h; path = CreateObjectivesViewCtrl.h; sourceTree = "<group>"; };
		89E22D961F1C48CB00FC4F6D /* CreateObjectivesViewCtrl.m */ = {isa = PBXFileReference; fileEncoding = 4; lastKnownFileType = sourcecode.c.objc; path = CreateObjectivesViewCtrl.m; sourceTree = "<group>"; };
		89E22D981F1CB46900FC4F6D /* TasksDetailsViewCtrl.h */ = {isa = PBXFileReference; fileEncoding = 4; lastKnownFileType = sourcecode.c.h; path = TasksDetailsViewCtrl.h; sourceTree = "<group>"; };
		89E22D991F1CB46900FC4F6D /* TasksDetailsViewCtrl.m */ = {isa = PBXFileReference; fileEncoding = 4; lastKnownFileType = sourcecode.c.objc; path = TasksDetailsViewCtrl.m; sourceTree = "<group>"; };
		89E22D9C1F1DACB100FC4F6D /* CreateTaskViewCtrl.h */ = {isa = PBXFileReference; fileEncoding = 4; lastKnownFileType = sourcecode.c.h; path = CreateTaskViewCtrl.h; sourceTree = "<group>"; };
		89E22D9D1F1DACB100FC4F6D /* CreateTaskViewCtrl.m */ = {isa = PBXFileReference; fileEncoding = 4; lastKnownFileType = sourcecode.c.objc; path = CreateTaskViewCtrl.m; sourceTree = "<group>"; };
		89E22D9F1F1E4D6A00FC4F6D /* StudentCheckInRecordDetailsViewCtrl.h */ = {isa = PBXFileReference; fileEncoding = 4; lastKnownFileType = sourcecode.c.h; path = StudentCheckInRecordDetailsViewCtrl.h; sourceTree = "<group>"; };
		89E22DA01F1E4D6A00FC4F6D /* StudentCheckInRecordDetailsViewCtrl.m */ = {isa = PBXFileReference; fileEncoding = 4; lastKnownFileType = sourcecode.c.objc; path = StudentCheckInRecordDetailsViewCtrl.m; sourceTree = "<group>"; };
		89E22DA31F208FDD00FC4F6D /* GuideViewCtrl.h */ = {isa = PBXFileReference; fileEncoding = 4; lastKnownFileType = sourcecode.c.h; path = GuideViewCtrl.h; sourceTree = "<group>"; };
		89E22DA41F208FDD00FC4F6D /* GuideViewCtrl.m */ = {isa = PBXFileReference; fileEncoding = 4; lastKnownFileType = sourcecode.c.objc; path = GuideViewCtrl.m; sourceTree = "<group>"; };
		89E22DA61F20901300FC4F6D /* HomeNavViewCtrl.h */ = {isa = PBXFileReference; fileEncoding = 4; lastKnownFileType = sourcecode.c.h; path = HomeNavViewCtrl.h; sourceTree = "<group>"; };
		89E22DA71F20901300FC4F6D /* HomeNavViewCtrl.m */ = {isa = PBXFileReference; fileEncoding = 4; lastKnownFileType = sourcecode.c.objc; path = HomeNavViewCtrl.m; sourceTree = "<group>"; };
		89F58FBC1F0F703A00AC6B1B /* FamilyInfoViewCtrl.h */ = {isa = PBXFileReference; fileEncoding = 4; lastKnownFileType = sourcecode.c.h; name = FamilyInfoViewCtrl.h; path = VisionaryEdu/Student_Parent/DocumentsViewCtrl/FamilyInfoViewCtrl.h; sourceTree = SOURCE_ROOT; };
		89F58FBD1F0F703A00AC6B1B /* FamilyInfoViewCtrl.m */ = {isa = PBXFileReference; fileEncoding = 4; lastKnownFileType = sourcecode.c.objc; name = FamilyInfoViewCtrl.m; path = VisionaryEdu/Student_Parent/DocumentsViewCtrl/FamilyInfoViewCtrl.m; sourceTree = SOURCE_ROOT; };
		89F58FC01F0F765A00AC6B1B /* FamilyInfoModel.h */ = {isa = PBXFileReference; fileEncoding = 4; lastKnownFileType = sourcecode.c.h; name = FamilyInfoModel.h; path = documents/FamilyInfoModel.h; sourceTree = "<group>"; };
		89F58FC11F0F765A00AC6B1B /* FamilyInfoModel.m */ = {isa = PBXFileReference; fileEncoding = 4; lastKnownFileType = sourcecode.c.objc; name = FamilyInfoModel.m; path = documents/FamilyInfoModel.m; sourceTree = "<group>"; };
		89FDE5841F0DD13C001158F1 /* EducationInfoViewCtrl.h */ = {isa = PBXFileReference; fileEncoding = 4; lastKnownFileType = sourcecode.c.h; name = EducationInfoViewCtrl.h; path = Student_Parent/DocumentsViewCtrl/EducationInfoViewCtrl.h; sourceTree = "<group>"; };
		89FDE5851F0DD13C001158F1 /* EducationInfoViewCtrl.m */ = {isa = PBXFileReference; fileEncoding = 4; lastKnownFileType = sourcecode.c.objc; name = EducationInfoViewCtrl.m; path = Student_Parent/DocumentsViewCtrl/EducationInfoViewCtrl.m; sourceTree = "<group>"; };
		89FDE5871F0DD598001158F1 /* EduInfoModel.h */ = {isa = PBXFileReference; fileEncoding = 4; lastKnownFileType = sourcecode.c.h; name = EduInfoModel.h; path = documents/EduInfoModel.h; sourceTree = "<group>"; };
		89FDE5881F0DD598001158F1 /* EduInfoModel.m */ = {isa = PBXFileReference; fileEncoding = 4; lastKnownFileType = sourcecode.c.objc; name = EduInfoModel.m; path = documents/EduInfoModel.m; sourceTree = "<group>"; };
		89FDE58A1F0DE0DF001158F1 /* DocumentViewCtrl.h */ = {isa = PBXFileReference; fileEncoding = 4; lastKnownFileType = sourcecode.c.h; path = DocumentViewCtrl.h; sourceTree = "<group>"; };
		89FDE58B1F0DE0DF001158F1 /* DocumentViewCtrl.m */ = {isa = PBXFileReference; fileEncoding = 4; lastKnownFileType = sourcecode.c.objc; path = DocumentViewCtrl.m; sourceTree = "<group>"; };
		89FDE58D1F0E0607001158F1 /* ProfileDocumentModel.h */ = {isa = PBXFileReference; fileEncoding = 4; lastKnownFileType = sourcecode.c.h; name = ProfileDocumentModel.h; path = documents/ProfileDocumentModel.h; sourceTree = "<group>"; };
		89FDE58E1F0E0607001158F1 /* ProfileDocumentModel.m */ = {isa = PBXFileReference; fileEncoding = 4; lastKnownFileType = sourcecode.c.objc; name = ProfileDocumentModel.m; path = documents/ProfileDocumentModel.m; sourceTree = "<group>"; };
		89FDE5901F0E101F001158F1 /* WebKit.framework */ = {isa = PBXFileReference; lastKnownFileType = wrapper.framework; name = WebKit.framework; path = System/Library/Frameworks/WebKit.framework; sourceTree = SDKROOT; };
		89FDE5921F0E2409001158F1 /* PassportInfoViewCtrl.h */ = {isa = PBXFileReference; fileEncoding = 4; lastKnownFileType = sourcecode.c.h; name = PassportInfoViewCtrl.h; path = Student_Parent/DocumentsViewCtrl/PassportInfoViewCtrl.h; sourceTree = "<group>"; };
		89FDE5931F0E2409001158F1 /* PassportInfoViewCtrl.m */ = {isa = PBXFileReference; fileEncoding = 4; lastKnownFileType = sourcecode.c.objc; name = PassportInfoViewCtrl.m; path = Student_Parent/DocumentsViewCtrl/PassportInfoViewCtrl.m; sourceTree = "<group>"; };
		89FDE5951F0E72A3001158F1 /* CourseInfoViewCtrl.h */ = {isa = PBXFileReference; fileEncoding = 4; lastKnownFileType = sourcecode.c.h; name = CourseInfoViewCtrl.h; path = Student_Parent/DocumentsViewCtrl/CourseInfoViewCtrl.h; sourceTree = "<group>"; };
		89FDE5961F0E72A3001158F1 /* CourseInfoViewCtrl.m */ = {isa = PBXFileReference; fileEncoding = 4; lastKnownFileType = sourcecode.c.objc; name = CourseInfoViewCtrl.m; path = Student_Parent/DocumentsViewCtrl/CourseInfoViewCtrl.m; sourceTree = "<group>"; };
		89FDE5981F0E7487001158F1 /* CourseInfoModel.h */ = {isa = PBXFileReference; fileEncoding = 4; lastKnownFileType = sourcecode.c.h; name = CourseInfoModel.h; path = documents/CourseInfoModel.h; sourceTree = "<group>"; };
		89FDE5991F0E7487001158F1 /* CourseInfoModel.m */ = {isa = PBXFileReference; fileEncoding = 4; lastKnownFileType = sourcecode.c.objc; name = CourseInfoModel.m; path = documents/CourseInfoModel.m; sourceTree = "<group>"; };
		89FDE5A11F0F30E5001158F1 /* HonorActivityViewCtrl.h */ = {isa = PBXFileReference; fileEncoding = 4; lastKnownFileType = sourcecode.c.h; name = HonorActivityViewCtrl.h; path = Student_Parent/DocumentsViewCtrl/HonorActivityViewCtrl.h; sourceTree = "<group>"; };
		89FDE5A21F0F30E5001158F1 /* HonorActivityViewCtrl.m */ = {isa = PBXFileReference; fileEncoding = 4; lastKnownFileType = sourcecode.c.objc; name = HonorActivityViewCtrl.m; path = Student_Parent/DocumentsViewCtrl/HonorActivityViewCtrl.m; sourceTree = "<group>"; };
		89FDE5A51F0F324A001158F1 /* HonorActivityModel.h */ = {isa = PBXFileReference; fileEncoding = 4; lastKnownFileType = sourcecode.c.h; name = HonorActivityModel.h; path = documents/HonorActivityModel.h; sourceTree = "<group>"; };
		89FDE5A61F0F324A001158F1 /* HonorActivityModel.m */ = {isa = PBXFileReference; fileEncoding = 4; lastKnownFileType = sourcecode.c.objc; name = HonorActivityModel.m; path = documents/HonorActivityModel.m; sourceTree = "<group>"; };
		9F25F87153DEB044FCAC93DE /* Pods_VisionaryEdu.framework */ = {isa = PBXFileReference; explicitFileType = wrapper.framework; includeInIndex = 0; path = Pods_VisionaryEdu.framework; sourceTree = BUILT_PRODUCTS_DIR; };
		AE8B271994E04811578481FD /* Pods-VisionaryEdu.release.xcconfig */ = {isa = PBXFileReference; includeInIndex = 1; lastKnownFileType = text.xcconfig; name = "Pods-VisionaryEdu.release.xcconfig"; path = "Pods/Target Support Files/Pods-VisionaryEdu/Pods-VisionaryEdu.release.xcconfig"; sourceTree = "<group>"; };
/* End PBXFileReference section */

/* Begin PBXFrameworksBuildPhase section */
		89CFBCB81EFE15BD00439496 /* Frameworks */ = {
			isa = PBXFrameworksBuildPhase;
			buildActionMask = 2147483647;
			files = (
				89FDE5911F0E101F001158F1 /* WebKit.framework in Frameworks */,
				7696B3A8227BC24F2972070E /* Pods_VisionaryEdu.framework in Frameworks */,
			);
			runOnlyForDeploymentPostprocessing = 0;
		};
/* End PBXFrameworksBuildPhase section */

/* Begin PBXGroup section */
		1A9132F6756D182465B81236 /* Pods */ = {
			isa = PBXGroup;
			children = (
				30DEF1E016840C712AF95BB8 /* Pods-VisionaryEdu.debug.xcconfig */,
				AE8B271994E04811578481FD /* Pods-VisionaryEdu.release.xcconfig */,
			);
			name = Pods;
			sourceTree = "<group>";
		};
		8916B25A1F0CD8A900808BC8 /* 各个档案 */ = {
			isa = PBXGroup;
			children = (
				89F58FC01F0F765A00AC6B1B /* FamilyInfoModel.h */,
				89F58FC11F0F765A00AC6B1B /* FamilyInfoModel.m */,
				89FDE5A51F0F324A001158F1 /* HonorActivityModel.h */,
				89FDE5A61F0F324A001158F1 /* HonorActivityModel.m */,
				89FDE5981F0E7487001158F1 /* CourseInfoModel.h */,
				89FDE5991F0E7487001158F1 /* CourseInfoModel.m */,
				89FDE58D1F0E0607001158F1 /* ProfileDocumentModel.h */,
				89FDE58E1F0E0607001158F1 /* ProfileDocumentModel.m */,
				89FDE5871F0DD598001158F1 /* EduInfoModel.h */,
				89FDE5881F0DD598001158F1 /* EduInfoModel.m */,
				8916B25E1F0CF71400808BC8 /* PersonalInfoModel.h */,
				8916B25F1F0CF71400808BC8 /* PersonalInfoModel.m */,
				8916B2571F0CD59000808BC8 /* TestAccountModel.h */,
				8916B2581F0CD59000808BC8 /* TestAccountModel.m */,
				8916B2611F0CF84A00808BC8 /* Username.h */,
				8916B2621F0CF84A00808BC8 /* Username.m */,
			);
			name = "各个档案";
			sourceTree = "<group>";
		};
		891BB7C41F00979E00F4DD60 /* 学生日程 */ = {
			isa = PBXGroup;
			children = (
				89E22DA21F1E4D7000FC4F6D /* 学生约谈详情 */,
				89E22D9B1F1CB47500FC4F6D /* 任务日程 */,
				8946E3A01F10C20F002F7B06 /* 近期目标 */,
				8946E39F1F10C206002F7B06 /* 考试日程 */,
				891BB7C11F00979000F4DD60 /* ScheduleViewCtrl.h */,
				891BB7C21F00979000F4DD60 /* ScheduleViewCtrl.m */,
				89652E5E1F04D6C200CDDECB /* ScheduleRangeManager.h */,
				89652E5F1F04D6C200CDDECB /* ScheduleRangeManager.m */,
				89652E5B1F03E9A200CDDECB /* StudentScheduleCellManager.h */,
				89652E5C1F03E9A200CDDECB /* StudentScheduleCellManager.m */,
			);
			name = "学生日程";
			sourceTree = "<group>";
		};
		893AC6A01F0260D400990A48 /* 我的 */ = {
			isa = PBXGroup;
			children = (
				897A0A7F1F0CCAFC00EE8846 /* 各个档案 */,
				893AC69D1F0260CF00990A48 /* MeViewCtrl.h */,
				893AC69E1F0260CF00990A48 /* MeViewCtrl.m */,
			);
			name = "我的";
			path = ..;
			sourceTree = "<group>";
		};
		893AC6A41F0349A700990A48 /* 学生日程查询model */ = {
			isa = PBXGroup;
			children = (
				8946E3AD1F132713002F7B06 /* StudentListModel.h */,
				8946E3AE1F132713002F7B06 /* StudentListModel.m */,
				893AC6A11F03499F00990A48 /* StudentScheduleModel.h */,
				893AC6A21F03499F00990A48 /* StudentScheduleModel.m */,
				8946E3961F109DA2002F7B06 /* RecentObjectivesModel.h */,
				8946E3971F109DA2002F7B06 /* RecentObjectivesModel.m */,
				895508211F2755960029E230 /* FutureTestScheduleModel.h */,
				895508221F2755960029E230 /* FutureTestScheduleModel.m */,
			);
			name = "学生日程查询model";
			sourceTree = "<group>";
		};
		8946E39F1F10C206002F7B06 /* 考试日程 */ = {
			isa = PBXGroup;
			children = (
				896B65A61F21AA3C00B6EE4D /* 下拉框页面 */,
				8946E39C1F10C1F6002F7B06 /* GradeDetailsViewCtrl.h */,
				8946E39D1F10C1F6002F7B06 /* GradeDetailsViewCtrl.m */,
				896B65A01F218E1200B6EE4D /* RecordGradeViewCtrl.h */,
				896B65A11F218E1200B6EE4D /* RecordGradeViewCtrl.m */,
				895508191F21D7EA0029E230 /* CreateTestScheduleViewCtrl.h */,
				8955081A1F21D7EA0029E230 /* CreateTestScheduleViewCtrl.m */,
			);
			name = "考试日程";
			sourceTree = "<group>";
		};
		8946E3A01F10C20F002F7B06 /* 近期目标 */ = {
			isa = PBXGroup;
			children = (
				8946E3931F109BFF002F7B06 /* RecentObjectivesViewCtrl.h */,
				8946E3941F109BFF002F7B06 /* RecentObjectivesViewCtrl.m */,
				89E22D951F1C48CB00FC4F6D /* CreateObjectivesViewCtrl.h */,
				89E22D961F1C48CB00FC4F6D /* CreateObjectivesViewCtrl.m */,
				8946E3991F10AD74002F7B06 /* ObjDetailsUViewCtrl.h */,
				8946E39A1F10AD74002F7B06 /* ObjDetailsUViewCtrl.m */,
			);
			name = "近期目标";
			sourceTree = "<group>";
		};
		8950F0BD1F1471E500BFE1E7 /* 详情页 */ = {
			isa = PBXGroup;
			children = (
				8950F0C11F14AAC300BFE1E7 /* 公用选择页 */,
				8950F0C91F14BFC300BFE1E7 /* 约谈详情 */,
				8950F0C51F14BF9400BFE1E7 /* 会议详情 */,
			);
			name = "详情页";
			sourceTree = "<group>";
		};
		8950F0C11F14AAC300BFE1E7 /* 公用选择页 */ = {
			isa = PBXGroup;
			children = (
				8946E3A71F13198D002F7B06 /* StaffScheduleInventionsViewCtrl.h */,
				8946E3A81F13198D002F7B06 /* StaffScheduleInventionsViewCtrl.m */,
				8950F0BE1F148A0F00BFE1E7 /* DatePickerViewController.h */,
				8950F0BF1F148A0F00BFE1E7 /* DatePickerViewController.m */,
			);
			name = "公用选择页";
			sourceTree = "<group>";
		};
		8950F0C51F14BF9400BFE1E7 /* 会议详情 */ = {
			isa = PBXGroup;
			children = (
				8950F0BA1F1471DF00BFE1E7 /* MeetingDetailsViewCtrl.h */,
				8950F0BB1F1471DF00BFE1E7 /* MeetingDetailsViewCtrl.m */,
			);
			name = "会议详情";
			sourceTree = "<group>";
		};
		8950F0C91F14BFC300BFE1E7 /* 约谈详情 */ = {
			isa = PBXGroup;
			children = (
				8950F0C61F14BFBA00BFE1E7 /* CheckInRecordDetailsViewCtrl.h */,
				8950F0C71F14BFBA00BFE1E7 /* CheckInRecordDetailsViewCtrl.m */,
			);
			name = "约谈详情";
			sourceTree = "<group>";
		};
		895508271F2792DE0029E230 /* 未录入成绩列表 */ = {
			isa = PBXGroup;
			children = (
				895508241F2792CF0029E230 /* UnrecordGradeViewCtrl.h */,
				895508251F2792CF0029E230 /* UnrecordGradeViewCtrl.m */,
			);
			name = "未录入成绩列表";
			sourceTree = "<group>";
		};
		896193541F13604B00334A3D /* 上送日程数据 */ = {
			isa = PBXGroup;
			children = (
			);
			name = "上送日程数据";
			sourceTree = "<group>";
		};
		89652E641F053F5400CDDECB /* 员工日程 */ = {
			isa = PBXGroup;
			children = (
				8950F0BD1F1471E500BFE1E7 /* 详情页 */,
				89652E611F053F4900CDDECB /* StaffScheduleViewCtrl.h */,
				89652E621F053F4900CDDECB /* StaffScheduleViewCtrl.m */,
				89652E691F05DF5300CDDECB /* StaffScheduleCellManager.h */,
				89652E6A1F05DF5300CDDECB /* StaffScheduleCellManager.m */,
				8946E3A41F131263002F7B06 /* CreateStaffScheduleViewCtrl.h */,
				8946E3A51F131263002F7B06 /* CreateStaffScheduleViewCtrl.m */,
			);
			name = "员工日程";
			sourceTree = "<group>";
		};
		89652E681F05D6A700CDDECB /* 员工日程查询model */ = {
			isa = PBXGroup;
			children = (
				8946E3AA1F132348002F7B06 /* StaffListModel.h */,
				8946E3AB1F132348002F7B06 /* StaffListModel.m */,
				89652E651F05D69E00CDDECB /* StaffScheduleModel.h */,
				89652E661F05D69E00CDDECB /* StaffScheduleModel.m */,
			);
			name = "员工日程查询model";
			sourceTree = "<group>";
		};
		89652E711F0A3DFE00CDDECB /* OptionView */ = {
			isa = PBXGroup;
			children = (
				89CFBCFE1EFE164600439496 /* YQNumberSlideView.h */,
				89CFBCFF1EFE164600439496 /* YQNumberSlideView.m */,
			);
			name = OptionView;
			sourceTree = "<group>";
		};
		89652E751F0B334100CDDECB /* 单次成绩五维图 */ = {
			isa = PBXGroup;
			children = (
				89652E6F1F0A3DF100CDDECB /* SingleGradeView.xib */,
				89652E721F0A41D800CDDECB /* SingleGradeView.h */,
				89652E731F0A41D800CDDECB /* SingleGradeView.m */,
			);
			name = "单次成绩五维图";
			sourceTree = "<group>";
		};
		89652E791F0B692700CDDECB /* 成绩走势 */ = {
			isa = PBXGroup;
			children = (
				89652E761F0B691B00CDDECB /* GradeTendingViewCtrl.h */,
				89652E771F0B691B00CDDECB /* GradeTendingViewCtrl.m */,
			);
			name = "成绩走势";
			sourceTree = "<group>";
		};
		896B65A61F21AA3C00B6EE4D /* 下拉框页面 */ = {
			isa = PBXGroup;
			children = (
				896B65A31F21A9F900B6EE4D /* HWDownSelectedView.h */,
				896B65A41F21A9F900B6EE4D /* HWDownSelectedView.m */,
			);
			name = "下拉框页面";
			sourceTree = "<group>";
		};
		897A0A7B1F0C8C5A00EE8846 /* 评价详情 */ = {
			isa = PBXGroup;
			children = (
				897A0A781F0C8C5100EE8846 /* CommentViewCtrl.h */,
				897A0A791F0C8C5100EE8846 /* CommentViewCtrl.m */,
			);
			name = "评价详情";
			sourceTree = "<group>";
		};
		897A0A7F1F0CCAFC00EE8846 /* 各个档案 */ = {
			isa = PBXGroup;
			children = (
				89F58FBF1F0F704800AC6B1B /* 家庭信息 */,
				89FDE5A41F0F30EF001158F1 /* 荣誉活动 */,
				89FDE5A01F0F24F7001158F1 /* 课程信息 */,
				89FDE59F1F0F24F2001158F1 /* 护照信息 */,
				89FDE59E1F0F24DB001158F1 /* 档案信息 */,
				89FDE59D1F0F24D5001158F1 /* 教育信息 */,
				89FDE59C1F0F24CF001158F1 /* 账户信息 */,
				89FDE59B1F0F24C8001158F1 /* 个人信息 */,
			);
			name = "各个档案";
			sourceTree = "<group>";
		};
		899303371EFFC27F00B066AD /* 主页 */ = {
			isa = PBXGroup;
			children = (
				89CFBCEE1EFE164100439496 /* StaffHomePageViewCtrl.h */,
				89CFBCEF1EFE164100439496 /* StaffHomePageViewCtrl.m */,
				89CFBCF81EFE164600439496 /* StudentInfoTableViewCell.h */,
				89CFBCF91EFE164600439496 /* StudentInfoTableViewCell.m */,
			);
			name = "主页";
			sourceTree = "<group>";
		};
		899303381EFFC4B200B066AD /* 登录model */ = {
			isa = PBXGroup;
			children = (
				89CFBCDA1EFE160E00439496 /* LoginInfoModel.h */,
				89CFBCDB1EFE160E00439496 /* LoginInfoModel.m */,
			);
			name = "登录model";
			sourceTree = "<group>";
		};
		899303391EFFC4E400B066AD /* 主页学生列表model */ = {
			isa = PBXGroup;
			children = (
				89CFBCDC1EFE160E00439496 /* StudentBaseInfoManager.h */,
				89CFBCDD1EFE160E00439496 /* StudentBaseInfoManager.m */,
			);
			name = "主页学生列表model";
			sourceTree = "<group>";
		};
		8993033A1EFFC4EF00B066AD /* 成绩model */ = {
			isa = PBXGroup;
			children = (
				89CFBCDE1EFE160E00439496 /* StudentScoreInDetailsModel.h */,
				89CFBCDF1EFE160E00439496 /* StudentScoreInDetailsModel.m */,
				8955081C1F25A3210029E230 /* GradeModelForUpload.h */,
				8955081D1F25A3210029E230 /* GradeModelForUpload.m */,
			);
			name = "成绩model";
			sourceTree = "<group>";
		};
		8993033B1EFFC58800B066AD /* 成绩 */ = {
			isa = PBXGroup;
			children = (
				895508271F2792DE0029E230 /* 未录入成绩列表 */,
				897A0A7B1F0C8C5A00EE8846 /* 评价详情 */,
				89652E791F0B692700CDDECB /* 成绩走势 */,
				89652E711F0A3DFE00CDDECB /* OptionView */,
				89652E751F0B334100CDDECB /* 单次成绩五维图 */,
				89652E6C1F092D3C00CDDECB /* StudentGradeViewCtrl.h */,
				89652E6D1F092D3C00CDDECB /* StudentGradeViewCtrl.m */,
			);
			name = "成绩";
			sourceTree = "<group>";
		};
		8993033F1EFFF76E00B066AD /* tabBar标签管理 */ = {
			isa = PBXGroup;
			children = (
				893AC6981F02508F00990A48 /* CustomTabbarView.xib */,
				893AC69A1F0254D000990A48 /* CustomTabbarView.h */,
				893AC69B1F0254D000990A48 /* CustomTabbarView.m */,
				8993033C1EFFF76300B066AD /* TabBarManagerViewCtrl.h */,
				8993033D1EFFF76300B066AD /* TabBarManagerViewCtrl.m */,
			);
			name = "tabBar标签管理";
			sourceTree = "<group>";
		};
		89CFBCB21EFE15BD00439496 = {
			isa = PBXGroup;
			children = (
				89CFBCBD1EFE15BD00439496 /* VisionaryEdu */,
				89CFBCBC1EFE15BD00439496 /* Products */,
				1A9132F6756D182465B81236 /* Pods */,
				9337095D7AC6BB62CAC2D8B5 /* Frameworks */,
			);
			sourceTree = "<group>";
		};
		89CFBCBC1EFE15BD00439496 /* Products */ = {
			isa = PBXGroup;
			children = (
				89CFBCBB1EFE15BD00439496 /* VisionaryEdu.app */,
			);
			name = Products;
			sourceTree = "<group>";
		};
		89CFBCBD1EFE15BD00439496 /* VisionaryEdu */ = {
			isa = PBXGroup;
			children = (
				8950F0CA1F15C25D00BFE1E7 /* VisionaryEdu.entitlements */,
				89CFBCC11EFE15BD00439496 /* AppDelegate.h */,
				89CFBCC21EFE15BD00439496 /* AppDelegate.m */,
				8993032F1EFE17A000B066AD /* config.h */,
				89E22DA91F20901800FC4F6D /* 首次启动引导页 */,
				89CFBCE31EFE163C00439496 /* network */,
				89CFBCD91EFE160E00439496 /* Model */,
				89CFBD071EFE164C00439496 /* Tools */,
				89CFBCF21EFE164600439496 /* 学生/家长端 */,
				89CFBCEB1EFE164100439496 /* 员工端 */,
				89CFBCD51EFE15EE00439496 /* 登录/设置 */,
				89CFBCCA1EFE15BD00439496 /* Assets.xcassets */,
				89CFBCC71EFE15BD00439496 /* Main.storyboard */,
				89CFBCCC1EFE15BD00439496 /* LaunchScreen.storyboard */,
				89CFBCCF1EFE15BD00439496 /* Info.plist */,
				89E15C561F01F2BB00452B08 /* Images.xcassets */,
				89CFBCBE1EFE15BD00439496 /* Supporting Files */,
			);
			path = VisionaryEdu;
			sourceTree = "<group>";
		};
		89CFBCBE1EFE15BD00439496 /* Supporting Files */ = {
			isa = PBXGroup;
			children = (
				89CFBCBF1EFE15BD00439496 /* main.m */,
			);
			name = "Supporting Files";
			sourceTree = "<group>";
		};
		89CFBCD51EFE15EE00439496 /* 登录/设置 */ = {
			isa = PBXGroup;
			children = (
				89CFBCD61EFE15EE00439496 /* LoginViewCtrl.h */,
				89CFBCD71EFE15EE00439496 /* LoginViewCtrl.m */,
				899303301EFFB40500B066AD /* SettingsViewCtrl.h */,
				899303311EFFB40500B066AD /* SettingsViewCtrl.m */,
				891BB7CA1F014C5500F4DD60 /* PwdModifyViewCtrl.h */,
				891BB7CB1F014C5500F4DD60 /* PwdModifyViewCtrl.m */,
			);
			name = "登录/设置";
			path = Login;
			sourceTree = "<group>";
		};
		89CFBCD91EFE160E00439496 /* Model */ = {
			isa = PBXGroup;
			children = (
				899303341EFFB78F00B066AD /* StudentInstance.h */,
				899303351EFFB78F00B066AD /* StudentInstance.m */,
				896193541F13604B00334A3D /* 上送日程数据 */,
				8916B25A1F0CD8A900808BC8 /* 各个档案 */,
				89652E681F05D6A700CDDECB /* 员工日程查询model */,
				893AC6A41F0349A700990A48 /* 学生日程查询model */,
				899303381EFFC4B200B066AD /* 登录model */,
				899303391EFFC4E400B066AD /* 主页学生列表model */,
				8993033A1EFFC4EF00B066AD /* 成绩model */,
			);
			path = Model;
			sourceTree = "<group>";
		};
		89CFBCE31EFE163C00439496 /* network */ = {
			isa = PBXGroup;
			children = (
				89CFBCE41EFE163C00439496 /* MWHTTPMacro.h */,
				89CFBCE51EFE163C00439496 /* SYHttpTool.h */,
				89CFBCE61EFE163C00439496 /* SYHttpTool.m */,
			);
			path = network;
			sourceTree = "<group>";
		};
		89CFBCEB1EFE164100439496 /* 员工端 */ = {
			isa = PBXGroup;
			children = (
				89652E641F053F5400CDDECB /* 员工日程 */,
				899303371EFFC27F00B066AD /* 主页 */,
			);
			name = "员工端";
			path = Staff;
			sourceTree = "<group>";
		};
		89CFBCF21EFE164600439496 /* 学生/家长端 */ = {
			isa = PBXGroup;
			children = (
				89CFBCF61EFE164600439496 /* scoreInDetailTableViewCell.h */,
				89CFBCF71EFE164600439496 /* scoreInDetailTableViewCell.m */,
				8993033F1EFFF76E00B066AD /* tabBar标签管理 */,
				893AC6A01F0260D400990A48 /* 我的 */,
				891BB7C41F00979E00F4DD60 /* 学生日程 */,
				8993033B1EFFC58800B066AD /* 成绩 */,
			);
			name = "学生/家长端";
			path = Student_Parent;
			sourceTree = "<group>";
		};
		89CFBD071EFE164C00439496 /* Tools */ = {
			isa = PBXGroup;
			children = (
				89CFBCE71EFE163C00439496 /* SysTool.h */,
				89CFBCE81EFE163C00439496 /* SysTool.m */,
				89CFBD081EFE164C00439496 /* UIColor+expanded.h */,
				89CFBD091EFE164C00439496 /* UIColor+expanded.m */,
			);
			path = Tools;
			sourceTree = "<group>";
		};
		89E22D9B1F1CB47500FC4F6D /* 任务日程 */ = {
			isa = PBXGroup;
			children = (
				89E22D9C1F1DACB100FC4F6D /* CreateTaskViewCtrl.h */,
				89E22D9D1F1DACB100FC4F6D /* CreateTaskViewCtrl.m */,
				89E22D981F1CB46900FC4F6D /* TasksDetailsViewCtrl.h */,
				89E22D991F1CB46900FC4F6D /* TasksDetailsViewCtrl.m */,
			);
			name = "任务日程";
			sourceTree = "<group>";
		};
		89E22DA21F1E4D7000FC4F6D /* 学生约谈详情 */ = {
			isa = PBXGroup;
			children = (
				89E22D9F1F1E4D6A00FC4F6D /* StudentCheckInRecordDetailsViewCtrl.h */,
				89E22DA01F1E4D6A00FC4F6D /* StudentCheckInRecordDetailsViewCtrl.m */,
			);
			name = "学生约谈详情";
			sourceTree = "<group>";
		};
		89E22DA91F20901800FC4F6D /* 首次启动引导页 */ = {
			isa = PBXGroup;
			children = (
				89E22DA61F20901300FC4F6D /* HomeNavViewCtrl.h */,
				89E22DA71F20901300FC4F6D /* HomeNavViewCtrl.m */,
				89E22DA31F208FDD00FC4F6D /* GuideViewCtrl.h */,
				89E22DA41F208FDD00FC4F6D /* GuideViewCtrl.m */,
			);
			name = "首次启动引导页";
			sourceTree = "<group>";
		};
		89F58FBF1F0F704800AC6B1B /* 家庭信息 */ = {
			isa = PBXGroup;
			children = (
				89F58FBC1F0F703A00AC6B1B /* FamilyInfoViewCtrl.h */,
				89F58FBD1F0F703A00AC6B1B /* FamilyInfoViewCtrl.m */,
			);
			name = "家庭信息";
			sourceTree = "<group>";
		};
		89FDE59B1F0F24C8001158F1 /* 个人信息 */ = {
			isa = PBXGroup;
			children = (
				8916B25B1F0CE7F700808BC8 /* PersonalInfoTableViewCtrl.h */,
				8916B25C1F0CE7F700808BC8 /* PersonalInfoTableViewCtrl.m */,
			);
			name = "个人信息";
			sourceTree = "<group>";
		};
		89FDE59C1F0F24CF001158F1 /* 账户信息 */ = {
			isa = PBXGroup;
			children = (
				897A0A831F0CCE2100EE8846 /* TestInfoFormViewCtrl.h */,
				897A0A841F0CCE2100EE8846 /* TestInfoFormViewCtrl.m */,
			);
			name = "账户信息";
			sourceTree = "<group>";
		};
		89FDE59D1F0F24D5001158F1 /* 教育信息 */ = {
			isa = PBXGroup;
			children = (
				89FDE5841F0DD13C001158F1 /* EducationInfoViewCtrl.h */,
				89FDE5851F0DD13C001158F1 /* EducationInfoViewCtrl.m */,
			);
			name = "教育信息";
			sourceTree = "<group>";
		};
		89FDE59E1F0F24DB001158F1 /* 档案信息 */ = {
			isa = PBXGroup;
			children = (
				89FDE58A1F0DE0DF001158F1 /* DocumentViewCtrl.h */,
				89FDE58B1F0DE0DF001158F1 /* DocumentViewCtrl.m */,
			);
			name = "档案信息";
			sourceTree = "<group>";
		};
		89FDE59F1F0F24F2001158F1 /* 护照信息 */ = {
			isa = PBXGroup;
			children = (
				89FDE5921F0E2409001158F1 /* PassportInfoViewCtrl.h */,
				89FDE5931F0E2409001158F1 /* PassportInfoViewCtrl.m */,
			);
			name = "护照信息";
			sourceTree = "<group>";
		};
		89FDE5A01F0F24F7001158F1 /* 课程信息 */ = {
			isa = PBXGroup;
			children = (
				89FDE5951F0E72A3001158F1 /* CourseInfoViewCtrl.h */,
				89FDE5961F0E72A3001158F1 /* CourseInfoViewCtrl.m */,
			);
			name = "课程信息";
			sourceTree = "<group>";
		};
		89FDE5A41F0F30EF001158F1 /* 荣誉活动 */ = {
			isa = PBXGroup;
			children = (
				89FDE5A11F0F30E5001158F1 /* HonorActivityViewCtrl.h */,
				89FDE5A21F0F30E5001158F1 /* HonorActivityViewCtrl.m */,
			);
			name = "荣誉活动";
			sourceTree = "<group>";
		};
		9337095D7AC6BB62CAC2D8B5 /* Frameworks */ = {
			isa = PBXGroup;
			children = (
				89FDE5901F0E101F001158F1 /* WebKit.framework */,
				891BB7C51F009EB300F4DD60 /* Reveal.framework */,
				9F25F87153DEB044FCAC93DE /* Pods_VisionaryEdu.framework */,
			);
			name = Frameworks;
			sourceTree = "<group>";
		};
/* End PBXGroup section */

/* Begin PBXNativeTarget section */
		89CFBCBA1EFE15BD00439496 /* VisionaryEdu */ = {
			isa = PBXNativeTarget;
			buildConfigurationList = 89CFBCD21EFE15BD00439496 /* Build configuration list for PBXNativeTarget "VisionaryEdu" */;
			buildPhases = (
				10CF6FCADEBAFBD1B6006016 /* [CP] Check Pods Manifest.lock */,
				89CFBCB71EFE15BD00439496 /* Sources */,
				89CFBCB81EFE15BD00439496 /* Frameworks */,
				89CFBCB91EFE15BD00439496 /* Resources */,
				FA4C37D2AA616CA1D2A48766 /* [CP] Embed Pods Frameworks */,
				FD15A76D30E6E690F33C1E5F /* [CP] Copy Pods Resources */,
			);
			buildRules = (
			);
			dependencies = (
			);
			name = VisionaryEdu;
			productName = VisionaryEdu;
			productReference = 89CFBCBB1EFE15BD00439496 /* VisionaryEdu.app */;
			productType = "com.apple.product-type.application";
		};
/* End PBXNativeTarget section */

/* Begin PBXProject section */
		89CFBCB31EFE15BD00439496 /* Project object */ = {
			isa = PBXProject;
			attributes = {
				LastUpgradeCheck = 0900;
				ORGANIZATIONNAME = "Chen Defore";
				TargetAttributes = {
					89CFBCBA1EFE15BD00439496 = {
						CreatedOnToolsVersion = 8.3;
						DevelopmentTeam = VXM2TSJ87U;
						ProvisioningStyle = Automatic;
						SystemCapabilities = {
							com.apple.Push = {
								enabled = 1;
							};
						};
					};
				};
			};
			buildConfigurationList = 89CFBCB61EFE15BD00439496 /* Build configuration list for PBXProject "VisionaryEdu" */;
			compatibilityVersion = "Xcode 3.2";
			developmentRegion = English;
			hasScannedForEncodings = 0;
			knownRegions = (
				en,
				Base,
			);
			mainGroup = 89CFBCB21EFE15BD00439496;
			productRefGroup = 89CFBCBC1EFE15BD00439496 /* Products */;
			projectDirPath = "";
			projectRoot = "";
			targets = (
				89CFBCBA1EFE15BD00439496 /* VisionaryEdu */,
			);
		};
/* End PBXProject section */

/* Begin PBXResourcesBuildPhase section */
		89CFBCB91EFE15BD00439496 /* Resources */ = {
			isa = PBXResourcesBuildPhase;
			buildActionMask = 2147483647;
			files = (
				89652E701F0A3DF100CDDECB /* SingleGradeView.xib in Resources */,
				89E15C571F01F2BB00452B08 /* Images.xcassets in Resources */,
				89CFBCCE1EFE15BD00439496 /* LaunchScreen.storyboard in Resources */,
				893AC6991F02508F00990A48 /* CustomTabbarView.xib in Resources */,
				89CFBCCB1EFE15BD00439496 /* Assets.xcassets in Resources */,
				89CFBCC91EFE15BD00439496 /* Main.storyboard in Resources */,
			);
			runOnlyForDeploymentPostprocessing = 0;
		};
/* End PBXResourcesBuildPhase section */

/* Begin PBXShellScriptBuildPhase section */
		10CF6FCADEBAFBD1B6006016 /* [CP] Check Pods Manifest.lock */ = {
			isa = PBXShellScriptBuildPhase;
			buildActionMask = 2147483647;
			files = (
			);
			inputPaths = (
			);
			name = "[CP] Check Pods Manifest.lock";
			outputPaths = (
			);
			runOnlyForDeploymentPostprocessing = 0;
			shellPath = /bin/sh;
			shellScript = "diff \"${PODS_ROOT}/../Podfile.lock\" \"${PODS_ROOT}/Manifest.lock\" > /dev/null\nif [ $? != 0 ] ; then\n    # print error to STDERR\n    echo \"error: The sandbox is not in sync with the Podfile.lock. Run 'pod install' or update your CocoaPods installation.\" >&2\n    exit 1\nfi\n";
			showEnvVarsInLog = 0;
		};
		FA4C37D2AA616CA1D2A48766 /* [CP] Embed Pods Frameworks */ = {
			isa = PBXShellScriptBuildPhase;
			buildActionMask = 2147483647;
			files = (
			);
			inputPaths = (
			);
			name = "[CP] Embed Pods Frameworks";
			outputPaths = (
			);
			runOnlyForDeploymentPostprocessing = 0;
			shellPath = /bin/sh;
			shellScript = "\"${SRCROOT}/Pods/Target Support Files/Pods-VisionaryEdu/Pods-VisionaryEdu-frameworks.sh\"\n";
			showEnvVarsInLog = 0;
		};
		FD15A76D30E6E690F33C1E5F /* [CP] Copy Pods Resources */ = {
			isa = PBXShellScriptBuildPhase;
			buildActionMask = 2147483647;
			files = (
			);
			inputPaths = (
			);
			name = "[CP] Copy Pods Resources";
			outputPaths = (
			);
			runOnlyForDeploymentPostprocessing = 0;
			shellPath = /bin/sh;
			shellScript = "\"${SRCROOT}/Pods/Target Support Files/Pods-VisionaryEdu/Pods-VisionaryEdu-resources.sh\"\n";
			showEnvVarsInLog = 0;
		};
/* End PBXShellScriptBuildPhase section */

/* Begin PBXSourcesBuildPhase section */
		89CFBCB71EFE15BD00439496 /* Sources */ = {
			isa = PBXSourcesBuildPhase;
			buildActionMask = 2147483647;
			files = (
				89E22DA51F208FDD00FC4F6D /* GuideViewCtrl.m in Sources */,
				89FDE5891F0DD598001158F1 /* EduInfoModel.m in Sources */,
				89F58FC21F0F765A00AC6B1B /* FamilyInfoModel.m in Sources */,
				8946E3981F109DA2002F7B06 /* RecentObjectivesModel.m in Sources */,
				8950F0C81F14BFBA00BFE1E7 /* CheckInRecordDetailsViewCtrl.m in Sources */,
				895508261F2792CF0029E230 /* UnrecordGradeViewCtrl.m in Sources */,
				89CFBD0A1EFE164C00439496 /* UIColor+expanded.m in Sources */,
				89E22D9A1F1CB46900FC4F6D /* TasksDetailsViewCtrl.m in Sources */,
				89E22D9E1F1DACB100FC4F6D /* CreateTaskViewCtrl.m in Sources */,
				89CFBCE91EFE163C00439496 /* SYHttpTool.m in Sources */,
				89CFBCE21EFE160E00439496 /* StudentScoreInDetailsModel.m in Sources */,
				89E22DA81F20901300FC4F6D /* HomeNavViewCtrl.m in Sources */,
				89FDE58F1F0E0607001158F1 /* ProfileDocumentModel.m in Sources */,
				89652E741F0A41D800CDDECB /* SingleGradeView.m in Sources */,
				89652E601F04D6C200CDDECB /* ScheduleRangeManager.m in Sources */,
				89FDE5A71F0F324A001158F1 /* HonorActivityModel.m in Sources */,
				8950F0BC1F1471DF00BFE1E7 /* MeetingDetailsViewCtrl.m in Sources */,
				89CFBCC31EFE15BD00439496 /* AppDelegate.m in Sources */,
				89CFBCF11EFE164100439496 /* StaffHomePageViewCtrl.m in Sources */,
				899303321EFFB40500B066AD /* SettingsViewCtrl.m in Sources */,
				89CFBCE11EFE160E00439496 /* StudentBaseInfoManager.m in Sources */,
				891BB7CC1F014C5500F4DD60 /* PwdModifyViewCtrl.m in Sources */,
				89652E631F053F4900CDDECB /* StaffScheduleViewCtrl.m in Sources */,
				89CFBD021EFE164600439496 /* scoreInDetailTableViewCell.m in Sources */,
				8946E3AF1F132713002F7B06 /* StudentListModel.m in Sources */,
				89FDE5861F0DD13C001158F1 /* EducationInfoViewCtrl.m in Sources */,
				89FDE5A31F0F30E5001158F1 /* HonorActivityViewCtrl.m in Sources */,
				89FDE5941F0E2409001158F1 /* PassportInfoViewCtrl.m in Sources */,
				8946E3A61F131263002F7B06 /* CreateStaffScheduleViewCtrl.m in Sources */,
				8946E3951F109BFF002F7B06 /* RecentObjectivesViewCtrl.m in Sources */,
				89FDE5971F0E72A3001158F1 /* CourseInfoViewCtrl.m in Sources */,
				8946E3AC1F132348002F7B06 /* StaffListModel.m in Sources */,
				89E22D971F1C48CB00FC4F6D /* CreateObjectivesViewCtrl.m in Sources */,
				8946E39E1F10C1F6002F7B06 /* GradeDetailsViewCtrl.m in Sources */,
				89CFBCC01EFE15BD00439496 /* main.m in Sources */,
				8955081B1F21D7EA0029E230 /* CreateTestScheduleViewCtrl.m in Sources */,
				8946E39B1F10AD74002F7B06 /* ObjDetailsUViewCtrl.m in Sources */,
				897A0A7A1F0C8C5100EE8846 /* CommentViewCtrl.m in Sources */,
				89CFBD031EFE164600439496 /* StudentInfoTableViewCell.m in Sources */,
				89CFBCD81EFE15EE00439496 /* LoginViewCtrl.m in Sources */,
				89652E781F0B691B00CDDECB /* GradeTendingViewCtrl.m in Sources */,
				8955081E1F25A3210029E230 /* GradeModelForUpload.m in Sources */,
				89652E5D1F03E9A200CDDECB /* StudentScheduleCellManager.m in Sources */,
				897A0A851F0CCE2100EE8846 /* TestInfoFormViewCtrl.m in Sources */,
				896B65A51F21A9F900B6EE4D /* HWDownSelectedView.m in Sources */,
				89652E6B1F05DF5300CDDECB /* StaffScheduleCellManager.m in Sources */,
				893AC69C1F0254D000990A48 /* CustomTabbarView.m in Sources */,
				89CFBCE01EFE160E00439496 /* LoginInfoModel.m in Sources */,
				89E22DA11F1E4D6A00FC4F6D /* StudentCheckInRecordDetailsViewCtrl.m in Sources */,
				899303361EFFB78F00B066AD /* StudentInstance.m in Sources */,
				89652E6E1F092D3C00CDDECB /* StudentGradeViewCtrl.m in Sources */,
				89FDE58C1F0DE0DF001158F1 /* DocumentViewCtrl.m in Sources */,
				893AC69F1F0260CF00990A48 /* MeViewCtrl.m in Sources */,
				8916B25D1F0CE7F700808BC8 /* PersonalInfoTableViewCtrl.m in Sources */,
				895508231F2755960029E230 /* FutureTestScheduleModel.m in Sources */,
				893AC6A31F03499F00990A48 /* StudentScheduleModel.m in Sources */,
				891BB7C31F00979000F4DD60 /* ScheduleViewCtrl.m in Sources */,
				8946E3A91F13198D002F7B06 /* StaffScheduleInventionsViewCtrl.m in Sources */,
				89F58FBE1F0F703A00AC6B1B /* FamilyInfoViewCtrl.m in Sources */,
				8916B2591F0CD59000808BC8 /* TestAccountModel.m in Sources */,
				8916B2601F0CF71400808BC8 /* PersonalInfoModel.m in Sources */,
				89FDE59A1F0E7487001158F1 /* CourseInfoModel.m in Sources */,
				8916B2631F0CF84A00808BC8 /* Username.m in Sources */,
				89652E671F05D69E00CDDECB /* StaffScheduleModel.m in Sources */,
				89CFBD061EFE164600439496 /* YQNumberSlideView.m in Sources */,
				89CFBCEA1EFE163C00439496 /* SysTool.m in Sources */,
				8950F0C01F148A0F00BFE1E7 /* DatePickerViewController.m in Sources */,
				896B65A21F218E1200B6EE4D /* RecordGradeViewCtrl.m in Sources */,
				8993033E1EFFF76300B066AD /* TabBarManagerViewCtrl.m in Sources */,
			);
			runOnlyForDeploymentPostprocessing = 0;
		};
/* End PBXSourcesBuildPhase section */

/* Begin PBXVariantGroup section */
		89CFBCC71EFE15BD00439496 /* Main.storyboard */ = {
			isa = PBXVariantGroup;
			children = (
				89CFBCC81EFE15BD00439496 /* Base */,
			);
			name = Main.storyboard;
			sourceTree = "<group>";
		};
		89CFBCCC1EFE15BD00439496 /* LaunchScreen.storyboard */ = {
			isa = PBXVariantGroup;
			children = (
				89CFBCCD1EFE15BD00439496 /* Base */,
			);
			name = LaunchScreen.storyboard;
			sourceTree = "<group>";
		};
/* End PBXVariantGroup section */

/* Begin XCBuildConfiguration section */
		89CFBCD01EFE15BD00439496 /* Debug */ = {
			isa = XCBuildConfiguration;
			buildSettings = {
				ALWAYS_SEARCH_USER_PATHS = NO;
				CLANG_ANALYZER_NONNULL = YES;
				CLANG_ANALYZER_NUMBER_OBJECT_CONVERSION = YES_AGGRESSIVE;
				CLANG_CXX_LANGUAGE_STANDARD = "gnu++0x";
				CLANG_CXX_LIBRARY = "libc++";
				CLANG_ENABLE_MODULES = YES;
				CLANG_ENABLE_OBJC_ARC = YES;
				CLANG_WARN_BLOCK_CAPTURE_AUTORELEASING = YES;
				CLANG_WARN_BOOL_CONVERSION = YES;
				CLANG_WARN_COMMA = YES;
				CLANG_WARN_CONSTANT_CONVERSION = YES;
				CLANG_WARN_DIRECT_OBJC_ISA_USAGE = YES_ERROR;
				CLANG_WARN_DOCUMENTATION_COMMENTS = YES;
				CLANG_WARN_EMPTY_BODY = YES;
				CLANG_WARN_ENUM_CONVERSION = YES;
				CLANG_WARN_INFINITE_RECURSION = YES;
				CLANG_WARN_INT_CONVERSION = YES;
				CLANG_WARN_NON_LITERAL_NULL_CONVERSION = YES;
				CLANG_WARN_OBJC_LITERAL_CONVERSION = YES;
				CLANG_WARN_OBJC_ROOT_CLASS = YES_ERROR;
				CLANG_WARN_RANGE_LOOP_ANALYSIS = YES;
				CLANG_WARN_STRICT_PROTOTYPES = YES;
				CLANG_WARN_SUSPICIOUS_MOVE = YES;
				CLANG_WARN_UNREACHABLE_CODE = YES;
				CLANG_WARN__DUPLICATE_METHOD_MATCH = YES;
				"CODE_SIGN_IDENTITY[sdk=iphoneos*]" = "iPhone Developer";
				COPY_PHASE_STRIP = NO;
				DEBUG_INFORMATION_FORMAT = dwarf;
				ENABLE_STRICT_OBJC_MSGSEND = YES;
				ENABLE_TESTABILITY = YES;
				GCC_C_LANGUAGE_STANDARD = gnu99;
				GCC_DYNAMIC_NO_PIC = NO;
				GCC_NO_COMMON_BLOCKS = YES;
				GCC_OPTIMIZATION_LEVEL = 0;
				GCC_PREPROCESSOR_DEFINITIONS = (
					"DEBUG=1",
					"$(inherited)",
				);
				GCC_WARN_64_TO_32_BIT_CONVERSION = YES;
				GCC_WARN_ABOUT_RETURN_TYPE = YES_ERROR;
				GCC_WARN_UNDECLARED_SELECTOR = YES;
				GCC_WARN_UNINITIALIZED_AUTOS = YES_AGGRESSIVE;
				GCC_WARN_UNUSED_FUNCTION = YES;
				GCC_WARN_UNUSED_VARIABLE = YES;
				IPHONEOS_DEPLOYMENT_TARGET = 10.3;
				MTL_ENABLE_DEBUG_INFO = YES;
				ONLY_ACTIVE_ARCH = YES;
				SDKROOT = iphoneos;
			};
			name = Debug;
		};
		89CFBCD11EFE15BD00439496 /* Release */ = {
			isa = XCBuildConfiguration;
			buildSettings = {
				ALWAYS_SEARCH_USER_PATHS = NO;
				CLANG_ANALYZER_NONNULL = YES;
				CLANG_ANALYZER_NUMBER_OBJECT_CONVERSION = YES_AGGRESSIVE;
				CLANG_CXX_LANGUAGE_STANDARD = "gnu++0x";
				CLANG_CXX_LIBRARY = "libc++";
				CLANG_ENABLE_MODULES = YES;
				CLANG_ENABLE_OBJC_ARC = YES;
				CLANG_WARN_BLOCK_CAPTURE_AUTORELEASING = YES;
				CLANG_WARN_BOOL_CONVERSION = YES;
				CLANG_WARN_COMMA = YES;
				CLANG_WARN_CONSTANT_CONVERSION = YES;
				CLANG_WARN_DIRECT_OBJC_ISA_USAGE = YES_ERROR;
				CLANG_WARN_DOCUMENTATION_COMMENTS = YES;
				CLANG_WARN_EMPTY_BODY = YES;
				CLANG_WARN_ENUM_CONVERSION = YES;
				CLANG_WARN_INFINITE_RECURSION = YES;
				CLANG_WARN_INT_CONVERSION = YES;
				CLANG_WARN_NON_LITERAL_NULL_CONVERSION = YES;
				CLANG_WARN_OBJC_LITERAL_CONVERSION = YES;
				CLANG_WARN_OBJC_ROOT_CLASS = YES_ERROR;
				CLANG_WARN_RANGE_LOOP_ANALYSIS = YES;
				CLANG_WARN_STRICT_PROTOTYPES = YES;
				CLANG_WARN_SUSPICIOUS_MOVE = YES;
				CLANG_WARN_UNREACHABLE_CODE = YES;
				CLANG_WARN__DUPLICATE_METHOD_MATCH = YES;
				"CODE_SIGN_IDENTITY[sdk=iphoneos*]" = "iPhone Developer";
				COPY_PHASE_STRIP = NO;
				DEBUG_INFORMATION_FORMAT = "dwarf-with-dsym";
				ENABLE_NS_ASSERTIONS = NO;
				ENABLE_STRICT_OBJC_MSGSEND = YES;
				GCC_C_LANGUAGE_STANDARD = gnu99;
				GCC_NO_COMMON_BLOCKS = YES;
				GCC_WARN_64_TO_32_BIT_CONVERSION = YES;
				GCC_WARN_ABOUT_RETURN_TYPE = YES_ERROR;
				GCC_WARN_UNDECLARED_SELECTOR = YES;
				GCC_WARN_UNINITIALIZED_AUTOS = YES_AGGRESSIVE;
				GCC_WARN_UNUSED_FUNCTION = YES;
				GCC_WARN_UNUSED_VARIABLE = YES;
				IPHONEOS_DEPLOYMENT_TARGET = 10.3;
				MTL_ENABLE_DEBUG_INFO = NO;
				SDKROOT = iphoneos;
				VALIDATE_PRODUCT = YES;
			};
			name = Release;
		};
		89CFBCD31EFE15BD00439496 /* Debug */ = {
			isa = XCBuildConfiguration;
			baseConfigurationReference = 30DEF1E016840C712AF95BB8 /* Pods-VisionaryEdu.debug.xcconfig */;
			buildSettings = {
				ASSETCATALOG_COMPILER_APPICON_NAME = AppIcon;
				CODE_SIGN_ENTITLEMENTS = VisionaryEdu/VisionaryEdu.entitlements;
				"CODE_SIGN_IDENTITY[sdk=iphoneos*]" = "iPhone Developer";
				DEVELOPMENT_TEAM = VXM2TSJ87U;
				FRAMEWORK_SEARCH_PATHS = (
					"$(inherited)",
					"$(PROJECT_DIR)",
				);
				INFOPLIST_FILE = VisionaryEdu/Info.plist;
				IPHONEOS_DEPLOYMENT_TARGET = 8.0;
				LD_RUNPATH_SEARCH_PATHS = "$(inherited) @executable_path/Frameworks";
				OTHER_LDFLAGS = (
					"$(inherited)",
					"-framework",
					"\"AFNetworking\"",
					"-framework",
					"\"FSCalendar\"",
					"-framework",
					"\"MJExtension\"",
					"-framework",
					"\"MJRefresh\"",
					"-framework",
					"\"RegExCategories\"",
					"-framework",
					"\"SVProgressHUD\"",
				);
				PRODUCT_BUNDLE_IDENTIFIER = "Visionary-Education.VisionaryEdu";
				PRODUCT_NAME = "$(TARGET_NAME)";
				PROVISIONING_PROFILE_SPECIFIER = "";
			};
			name = Debug;
		};
		89CFBCD41EFE15BD00439496 /* Release */ = {
			isa = XCBuildConfiguration;
			baseConfigurationReference = AE8B271994E04811578481FD /* Pods-VisionaryEdu.release.xcconfig */;
			buildSettings = {
				ASSETCATALOG_COMPILER_APPICON_NAME = AppIcon;
				CODE_SIGN_ENTITLEMENTS = VisionaryEdu/VisionaryEdu.entitlements;
				"CODE_SIGN_IDENTITY[sdk=iphoneos*]" = "iPhone Developer";
				DEVELOPMENT_TEAM = VXM2TSJ87U;
				FRAMEWORK_SEARCH_PATHS = (
					"$(inherited)",
					"$(PROJECT_DIR)",
				);
				INFOPLIST_FILE = VisionaryEdu/Info.plist;
				IPHONEOS_DEPLOYMENT_TARGET = 8.0;
				LD_RUNPATH_SEARCH_PATHS = "$(inherited) @executable_path/Frameworks";
				OTHER_LDFLAGS = (
					"$(inherited)",
					"-framework",
					"\"AFNetworking\"",
					"-framework",
					"\"FSCalendar\"",
					"-framework",
					"\"MJExtension\"",
					"-framework",
					"\"MJRefresh\"",
					"-framework",
					"\"RegExCategories\"",
					"-framework",
					"\"SVProgressHUD\"",
				);
				PRODUCT_BUNDLE_IDENTIFIER = "Visionary-Education.VisionaryEdu";
				PRODUCT_NAME = "$(TARGET_NAME)";
				PROVISIONING_PROFILE_SPECIFIER = "";
			};
			name = Release;
		};
/* End XCBuildConfiguration section */

/* Begin XCConfigurationList section */
		89CFBCB61EFE15BD00439496 /* Build configuration list for PBXProject "VisionaryEdu" */ = {
			isa = XCConfigurationList;
			buildConfigurations = (
				89CFBCD01EFE15BD00439496 /* Debug */,
				89CFBCD11EFE15BD00439496 /* Release */,
			);
			defaultConfigurationIsVisible = 0;
			defaultConfigurationName = Release;
		};
		89CFBCD21EFE15BD00439496 /* Build configuration list for PBXNativeTarget "VisionaryEdu" */ = {
			isa = XCConfigurationList;
			buildConfigurations = (
				89CFBCD31EFE15BD00439496 /* Debug */,
				89CFBCD41EFE15BD00439496 /* Release */,
			);
			defaultConfigurationIsVisible = 0;
			defaultConfigurationName = Release;
		};
/* End XCConfigurationList section */
	};
	rootObject = 89CFBCB31EFE15BD00439496 /* Project object */;
}
